PODS:
  - Alamofire (5.6.2)
  - AppAuth (1.6.0):
    - AppAuth/Core (= 1.6.0)
    - AppAuth/ExternalUserAgent (= 1.6.0)
  - AppAuth/Core (1.6.0)
  - AppAuth/ExternalUserAgent (1.6.0):
    - AppAuth/Core
  - FittedSheets (2.5.3)
  - GoogleSignIn (6.2.4):
    - AppAuth (~> 1.5)
    - GTMAppAuth (~> 1.3)
    - GTMSessionFetcher/Core (< 3.0, >= 1.1)
  - GTMAppAuth (1.3.1):
    - AppAuth/Core (~> 1.6)
    - GTMSessionFetcher/Core (< 3.0, >= 1.5)
  - GTMSessionFetcher/Core (2.3.0)
  - IQKeyboardManagerSwift (6.5.10)
  - LetterAvatarKit (1.2.5)
  - SDWebImage (5.14.0):
    - SDWebImage/Core (= 5.14.0)
  - SDWebImage/Core (5.14.0)
  - SJSegmentedScrollView (1.3.8)
  - SkeletonView (1.30.4)
  - SVProgressHUD (2.2.5)
  - SwiftyJSON (5.0.1)
  - Toast-Swift (5.0.1)
  - UICollectionViewLeftAlignedLayout (1.0.2)

DEPENDENCIES:
  - Alamofire
  - FittedSheets
  - GoogleSignIn
  - IQKeyboardManagerSwift
  - LetterAvatarKit
  - SDWebImage
  - SJSegmentedScrollView (= 1.3.8)
  - SkeletonView
  - SVProgressHUD
  - SwiftyJSON
  - Toast-Swift
  - UICollectionViewLeftAlignedLayout

SPEC REPOS:
  trunk:
    - Alamofire
    - AppAuth
    - FittedSheets
    - GoogleSignIn
    - GTMAppAuth
    - GTMSessionFetcher
    - IQKeyboardManagerSwift
    - LetterAvatarKit
    - SDWebImage
    - SJSegmentedScrollView
    - SkeletonView
    - SVProgressHUD
    - SwiftyJSON
    - Toast-Swift
    - UICollectionViewLeftAlignedLayout

SPEC CHECKSUMS:
  Alamofire: d368e1ff8a298e6dde360e35a3e68e6c610e7204
  AppAuth: 8fca6b5563a5baef2c04bee27538025e4ceb2add
  FittedSheets: c22df4c06036515f247951fa174912e8a65c8ce4
  GoogleSignIn: 5651ce3a61e56ca864160e79b484cd9ed3f49b7a
  GTMAppAuth: 0ff230db599948a9ad7470ca667337803b3fc4dd
  GTMSessionFetcher: 3a63d75eecd6aa32c2fc79f578064e1214dfdec2
  IQKeyboardManagerSwift: 52962c76ab33532f15ad9f3ff4e5715eda5335bb
  LetterAvatarKit: a1d64fc3699e399890e3c3ed5daa507c83bb3ca2
  SDWebImage: 9e391cf38577742f501055dca17e4987f6713fe1
  SJSegmentedScrollView: 2308af5e7dbbbcbf7042efd47128f162186ed078
  SkeletonView: 5a050f6411e697abd4cda0a8d767013399dccd69
  SVProgressHUD: 1428aafac632c1f86f62aa4243ec12008d7a51d6
  SwiftyJSON: 2f33a42c6fbc52764d96f13368585094bfd8aa5e
  Toast-Swift: 9b6a70f28b3bf0b96c40d46c0c4b9d6639846711
  UICollectionViewLeftAlignedLayout: 830bf6fa5bab9f9b464f62e3384f9d2e00b3c0f6

PODFILE CHECKSUM: d2f6b84294d677c9e99848082630cec26bb05bc6

COCOAPODS: 1.11.3
