// !$*UTF8*$!
{
	archiveVersion = 1;
	classes = {
	};
	objectVersion = 55;
	objects = {

/* Begin PBXBuildFile section */
		768E2115262AAB544AE6EBA9 /* Pods_EduTune.framework in Frameworks */ = {isa = PBXBuildFile; fileRef = 0C96D62E64AD5083F9B26A3F /* Pods_EduTune.framework */; };
		BB89C6C5292125CD00BA5B7A /* DueAssignments.swift in Sources */ = {isa = PBXBuildFile; fileRef = BB89C6C4292125CD00BA5B7A /* DueAssignments.swift */; };
		BB89C6C72921268000BA5B7A /* LiveClass.swift in Sources */ = {isa = PBXBuildFile; fileRef = BB89C6C62921268000BA5B7A /* LiveClass.swift */; };
		BB89C6D129214B0300BA5B7A /* OngoingClass.swift in Sources */ = {isa = PBXBuildFile; fileRef = BB89C6D029214B0200BA5B7A /* OngoingClass.swift */; };
		BBB9F80529215E0F005C82E2 /* DueAssignmentsTVCell.swift in Sources */ = {isa = PBXBuildFile; fileRef = BBB9F80429215E0F005C82E2 /* DueAssignmentsTVCell.swift */; };
		BBB9F808292169AF005C82E2 /* LiveClassTVCell copy.swift in Sources */ = {isa = PBXBuildFile; fileRef = BBB9F806292169AF005C82E2 /* LiveClassTVCell copy.swift */; };
		BBB9F809292169AF005C82E2 /* OngoingClassTVCell.swift in Sources */ = {isa = PBXBuildFile; fileRef = BBB9F807292169AF005C82E2 /* OngoingClassTVCell.swift */; };
		BE02837B290423DB006FCD52 /* ClassHeaderTVCell.swift in Sources */ = {isa = PBXBuildFile; fileRef = BE02837A290423DB006FCD52 /* ClassHeaderTVCell.swift */; };
		BE02837D290423FA006FCD52 /* ClassAboutTVCell.swift in Sources */ = {isa = PBXBuildFile; fileRef = BE02837C290423FA006FCD52 /* ClassAboutTVCell.swift */; };
		BE02837F2904240C006FCD52 /* ClassCertificateTVCell.swift in Sources */ = {isa = PBXBuildFile; fileRef = BE02837E2904240C006FCD52 /* ClassCertificateTVCell.swift */; };
		BE02838129042432006FCD52 /* ClassChecklistTVCell.swift in Sources */ = {isa = PBXBuildFile; fileRef = BE02838029042432006FCD52 /* ClassChecklistTVCell.swift */; };
		BE028383290439B6006FCD52 /* LessonHeaderCell.swift in Sources */ = {isa = PBXBuildFile; fileRef = BE028382290439B6006FCD52 /* LessonHeaderCell.swift */; };
		BE028385290439C4006FCD52 /* LessonTVCell.swift in Sources */ = {isa = PBXBuildFile; fileRef = BE028384290439C4006FCD52 /* LessonTVCell.swift */; };
		BE0AF0962905886D00FCEFAA /* NotificationsVC.swift in Sources */ = {isa = PBXBuildFile; fileRef = BE0AF0952905886D00FCEFAA /* NotificationsVC.swift */; };
		BE0AF0982905887F00FCEFAA /* BookmarksVC.swift in Sources */ = {isa = PBXBuildFile; fileRef = BE0AF0972905887F00FCEFAA /* BookmarksVC.swift */; };
		BE14710128F5733A00726625 /* IntroCVCell.swift in Sources */ = {isa = PBXBuildFile; fileRef = BE14710028F5733A00726625 /* IntroCVCell.swift */; };
		BE14710328F578F300726625 /* Localizable.strings in Resources */ = {isa = PBXBuildFile; fileRef = BE14710228F578F300726625 /* Localizable.strings */; };
		BE14710528F579F100726625 /* LetsInVC.swift in Sources */ = {isa = PBXBuildFile; fileRef = BE14710428F579F100726625 /* LetsInVC.swift */; };
		BE14710728F57A0800726625 /* SignupVC.swift in Sources */ = {isa = PBXBuildFile; fileRef = BE14710628F57A0800726625 /* SignupVC.swift */; };
		BE14710928F57A1800726625 /* LoginVC.swift in Sources */ = {isa = PBXBuildFile; fileRef = BE14710828F57A1800726625 /* LoginVC.swift */; };
		BE14710B28F57A2900726625 /* VerificationVC.swift in Sources */ = {isa = PBXBuildFile; fileRef = BE14710A28F57A2900726625 /* VerificationVC.swift */; };
		BE14710D28F57A5700726625 /* UpdateProfileVC.swift in Sources */ = {isa = PBXBuildFile; fileRef = BE14710C28F57A5700726625 /* UpdateProfileVC.swift */; };
		BE14710F28F57A8300726625 /* ForgotPassVC.swift in Sources */ = {isa = PBXBuildFile; fileRef = BE14710E28F57A8300726625 /* ForgotPassVC.swift */; };
		BE14711128F57AAD00726625 /* ForgotPassVerifyVC.swift in Sources */ = {isa = PBXBuildFile; fileRef = BE14711028F57AAD00726625 /* ForgotPassVerifyVC.swift */; };
		BE14711328F57AC300726625 /* CreateNewPassVC.swift in Sources */ = {isa = PBXBuildFile; fileRef = BE14711228F57AC300726625 /* CreateNewPassVC.swift */; };
		BE14711528F57AE400726625 /* PassResetSuccessVC.swift in Sources */ = {isa = PBXBuildFile; fileRef = BE14711428F57AE400726625 /* PassResetSuccessVC.swift */; };
		BE14711728F57C1F00726625 /* MakeToast.swift in Sources */ = {isa = PBXBuildFile; fileRef = BE14711628F57C1F00726625 /* MakeToast.swift */; };
		BE1D520C28D887F300EC151A /* AppDelegate.swift in Sources */ = {isa = PBXBuildFile; fileRef = BE1D520B28D887F300EC151A /* AppDelegate.swift */; };
		BE1D520E28D887F300EC151A /* SceneDelegate.swift in Sources */ = {isa = PBXBuildFile; fileRef = BE1D520D28D887F300EC151A /* SceneDelegate.swift */; };
		BE1D521328D887F300EC151A /* Main.storyboard in Resources */ = {isa = PBXBuildFile; fileRef = BE1D521128D887F300EC151A /* Main.storyboard */; };
		BE1D521528D887F400EC151A /* Assets.xcassets in Resources */ = {isa = PBXBuildFile; fileRef = BE1D521428D887F400EC151A /* Assets.xcassets */; };
		BE1D521828D887F400EC151A /* LaunchScreen.storyboard in Resources */ = {isa = PBXBuildFile; fileRef = BE1D521628D887F400EC151A /* LaunchScreen.storyboard */; };
		BE304D0328F847190062C48A /* MentorCVCell.swift in Sources */ = {isa = PBXBuildFile; fileRef = BE304D0228F847190062C48A /* MentorCVCell.swift */; };
		BE304D0528F847390062C48A /* CategoryCVCell.swift in Sources */ = {isa = PBXBuildFile; fileRef = BE304D0428F847390062C48A /* CategoryCVCell.swift */; };
		BE304D0728F8474E0062C48A /* ClassTVCell.swift in Sources */ = {isa = PBXBuildFile; fileRef = BE304D0628F8474E0062C48A /* ClassTVCell.swift */; };
		BE304D0928F847870062C48A /* TopMentorsVC.swift in Sources */ = {isa = PBXBuildFile; fileRef = BE304D0828F847870062C48A /* TopMentorsVC.swift */; };
		BE304D0B28F8479C0062C48A /* MostPopularCoursesVC.swift in Sources */ = {isa = PBXBuildFile; fileRef = BE304D0A28F8479C0062C48A /* MostPopularCoursesVC.swift */; };
		BE304D0D28F84A650062C48A /* BannerCVCell.swift in Sources */ = {isa = PBXBuildFile; fileRef = BE304D0C28F84A650062C48A /* BannerCVCell.swift */; };
		BE304D0F28F84B660062C48A /* HomeHelpCell.swift in Sources */ = {isa = PBXBuildFile; fileRef = BE304D0E28F84B660062C48A /* HomeHelpCell.swift */; };
		BE304D1128F84B7F0062C48A /* LoginTVCell.swift in Sources */ = {isa = PBXBuildFile; fileRef = BE304D1028F84B7F0062C48A /* LoginTVCell.swift */; };
		BE304D1328F85C8E0062C48A /* ExtensionFont.swift in Sources */ = {isa = PBXBuildFile; fileRef = BE304D1228F85C8E0062C48A /* ExtensionFont.swift */; };
		BE304D1528F864530062C48A /* CenteredCVLayout.swift in Sources */ = {isa = PBXBuildFile; fileRef = BE304D1428F864530062C48A /* CenteredCVLayout.swift */; };
		BE469833291C28060026EEA5 /* MyCourseVC.swift in Sources */ = {isa = PBXBuildFile; fileRef = BE469832291C28060026EEA5 /* MyCourseVC.swift */; };
		BE4869C728DECD14003040AD /* Profile.storyboard in Resources */ = {isa = PBXBuildFile; fileRef = BE4869C628DECD14003040AD /* Profile.storyboard */; };
		BE4869C928DECD67003040AD /* Home.storyboard in Resources */ = {isa = PBXBuildFile; fileRef = BE4869C828DECD67003040AD /* Home.storyboard */; };
		BE4869CB28DECD75003040AD /* MyCourse.storyboard in Resources */ = {isa = PBXBuildFile; fileRef = BE4869CA28DECD75003040AD /* MyCourse.storyboard */; };
		BE4869CD28DECD84003040AD /* Blog.storyboard in Resources */ = {isa = PBXBuildFile; fileRef = BE4869CC28DECD84003040AD /* Blog.storyboard */; };
		BE4869CF28DECD90003040AD /* Inbox.storyboard in Resources */ = {isa = PBXBuildFile; fileRef = BE4869CE28DECD90003040AD /* Inbox.storyboard */; };
		BE4869D128DECD99003040AD /* Other.storyboard in Resources */ = {isa = PBXBuildFile; fileRef = BE4869D028DECD99003040AD /* Other.storyboard */; };
		BE4869EC28DEF4D7003040AD /* Urbanist-Bold.ttf in Resources */ = {isa = PBXBuildFile; fileRef = BE4869DA28DEF4D7003040AD /* Urbanist-Bold.ttf */; };
		BE4869ED28DEF4D7003040AD /* Urbanist-Regular.ttf in Resources */ = {isa = PBXBuildFile; fileRef = BE4869DB28DEF4D7003040AD /* Urbanist-Regular.ttf */; };
		BE4869EE28DEF4D7003040AD /* Urbanist-LightItalic.ttf in Resources */ = {isa = PBXBuildFile; fileRef = BE4869DC28DEF4D7003040AD /* Urbanist-LightItalic.ttf */; };
		BE4869EF28DEF4D7003040AD /* Urbanist-ExtraLightItalic.ttf in Resources */ = {isa = PBXBuildFile; fileRef = BE4869DD28DEF4D7003040AD /* Urbanist-ExtraLightItalic.ttf */; };
		BE4869F028DEF4D7003040AD /* Urbanist-ExtraBoldItalic.ttf in Resources */ = {isa = PBXBuildFile; fileRef = BE4869DE28DEF4D7003040AD /* Urbanist-ExtraBoldItalic.ttf */; };
		BE4869F128DEF4D7003040AD /* Urbanist-Thin.ttf in Resources */ = {isa = PBXBuildFile; fileRef = BE4869DF28DEF4D7003040AD /* Urbanist-Thin.ttf */; };
		BE4869F228DEF4D7003040AD /* Urbanist-MediumItalic.ttf in Resources */ = {isa = PBXBuildFile; fileRef = BE4869E028DEF4D7003040AD /* Urbanist-MediumItalic.ttf */; };
		BE4869F328DEF4D7003040AD /* Urbanist-SemiBold.ttf in Resources */ = {isa = PBXBuildFile; fileRef = BE4869E128DEF4D7003040AD /* Urbanist-SemiBold.ttf */; };
		BE4869F428DEF4D7003040AD /* Urbanist-Italic.ttf in Resources */ = {isa = PBXBuildFile; fileRef = BE4869E228DEF4D7003040AD /* Urbanist-Italic.ttf */; };
		BE4869F528DEF4D7003040AD /* Urbanist-Black.ttf in Resources */ = {isa = PBXBuildFile; fileRef = BE4869E328DEF4D7003040AD /* Urbanist-Black.ttf */; };
		BE4869F628DEF4D7003040AD /* Urbanist-BlackItalic.ttf in Resources */ = {isa = PBXBuildFile; fileRef = BE4869E428DEF4D7003040AD /* Urbanist-BlackItalic.ttf */; };
		BE4869F728DEF4D7003040AD /* Urbanist-Light.ttf in Resources */ = {isa = PBXBuildFile; fileRef = BE4869E528DEF4D7003040AD /* Urbanist-Light.ttf */; };
		BE4869F828DEF4D7003040AD /* Urbanist-SemiBoldItalic.ttf in Resources */ = {isa = PBXBuildFile; fileRef = BE4869E628DEF4D7003040AD /* Urbanist-SemiBoldItalic.ttf */; };
		BE4869F928DEF4D7003040AD /* Urbanist-BoldItalic.ttf in Resources */ = {isa = PBXBuildFile; fileRef = BE4869E728DEF4D7003040AD /* Urbanist-BoldItalic.ttf */; };
		BE4869FA28DEF4D7003040AD /* Urbanist-ExtraBold.ttf in Resources */ = {isa = PBXBuildFile; fileRef = BE4869E828DEF4D7003040AD /* Urbanist-ExtraBold.ttf */; };
		BE4869FB28DEF4D7003040AD /* Urbanist-Medium.ttf in Resources */ = {isa = PBXBuildFile; fileRef = BE4869E928DEF4D7003040AD /* Urbanist-Medium.ttf */; };
		BE4869FC28DEF4D7003040AD /* Urbanist-ExtraLight.ttf in Resources */ = {isa = PBXBuildFile; fileRef = BE4869EA28DEF4D7003040AD /* Urbanist-ExtraLight.ttf */; };
		BE4869FD28DEF4D7003040AD /* Urbanist-ThinItalic.ttf in Resources */ = {isa = PBXBuildFile; fileRef = BE4869EB28DEF4D7003040AD /* Urbanist-ThinItalic.ttf */; };
		BE4869FF28DEF5B8003040AD /* Extensions.swift in Sources */ = {isa = PBXBuildFile; fileRef = BE4869FE28DEF5B8003040AD /* Extensions.swift */; };
		BE486A0128DEF624003040AD /* RPicker.swift in Sources */ = {isa = PBXBuildFile; fileRef = BE486A0028DEF624003040AD /* RPicker.swift */; };
		BE486A0328DEF62C003040AD /* FormValidation.swift in Sources */ = {isa = PBXBuildFile; fileRef = BE486A0228DEF62C003040AD /* FormValidation.swift */; };
		BE486A0528DEF673003040AD /* SocialLoginVC.swift in Sources */ = {isa = PBXBuildFile; fileRef = BE486A0428DEF673003040AD /* SocialLoginVC.swift */; };
		BE486A0728DEF698003040AD /* IntroVC.swift in Sources */ = {isa = PBXBuildFile; fileRef = BE486A0628DEF698003040AD /* IntroVC.swift */; };
		BE486A0928DEF6D3003040AD /* OTPTextView.swift in Sources */ = {isa = PBXBuildFile; fileRef = BE486A0828DEF6D3003040AD /* OTPTextView.swift */; };
		BE980F572920F9170078C7BD /* SSLCommerzSDK.framework in Frameworks */ = {isa = PBXBuildFile; fileRef = BE980F562920F9170078C7BD /* SSLCommerzSDK.framework */; };
		BE980F582920F9170078C7BD /* SSLCommerzSDK.framework in Embed Frameworks */ = {isa = PBXBuildFile; fileRef = BE980F562920F9170078C7BD /* SSLCommerzSDK.framework */; settings = {ATTRIBUTES = (CodeSignOnCopy, RemoveHeadersOnCopy, ); }; };
		BEA432F82904E54900B3291E /* Course.storyboard in Resources */ = {isa = PBXBuildFile; fileRef = BEA432F72904E54900B3291E /* Course.storyboard */; };
		BEA432FA2904EAE600B3291E /* AllLessonsVC.swift in Sources */ = {isa = PBXBuildFile; fileRef = BEA432F92904EAE600B3291E /* AllLessonsVC.swift */; };
		BEA432FC2904EB0100B3291E /* AllReviewsVC.swift in Sources */ = {isa = PBXBuildFile; fileRef = BEA432FB2904EB0100B3291E /* AllReviewsVC.swift */; };
		BEA433022905370200B3291E /* Blog.swift in Sources */ = {isa = PBXBuildFile; fileRef = BEA433002905370100B3291E /* Blog.swift */; };
		BEA433032905370200B3291E /* BlogType.swift in Sources */ = {isa = PBXBuildFile; fileRef = BEA433012905370100B3291E /* BlogType.swift */; };
		BEA433052905385600B3291E /* BlogVC.swift in Sources */ = {isa = PBXBuildFile; fileRef = BEA433042905385600B3291E /* BlogVC.swift */; };
		BEA433072905386500B3291E /* BlogListVC.swift in Sources */ = {isa = PBXBuildFile; fileRef = BEA433062905386500B3291E /* BlogListVC.swift */; };
		BEA433092905387200B3291E /* BlogBookmarksVC.swift in Sources */ = {isa = PBXBuildFile; fileRef = BEA433082905387200B3291E /* BlogBookmarksVC.swift */; };
		BEA4330B2905388100B3291E /* BlogDetailsVC.swift in Sources */ = {isa = PBXBuildFile; fileRef = BEA4330A2905388100B3291E /* BlogDetailsVC.swift */; };
		BEA4330D2905451000B3291E /* BlogCVCell.swift in Sources */ = {isa = PBXBuildFile; fileRef = BEA4330C2905451000B3291E /* BlogCVCell.swift */; };
		BEB83B97290E5EC000860770 /* MoreVC.swift in Sources */ = {isa = PBXBuildFile; fileRef = BEB83B96290E5EC000860770 /* MoreVC.swift */; };
		BEB83B99290E60F200860770 /* MoreSectionTVCell.swift in Sources */ = {isa = PBXBuildFile; fileRef = BEB83B98290E60F200860770 /* MoreSectionTVCell.swift */; };
		BEB83B9B290E610200860770 /* MoreTVCell.swift in Sources */ = {isa = PBXBuildFile; fileRef = BEB83B9A290E610200860770 /* MoreTVCell.swift */; };
		BEB83B9D290E662600860770 /* AddRemoveBookmarkVC.swift in Sources */ = {isa = PBXBuildFile; fileRef = BEB83B9C290E662600860770 /* AddRemoveBookmarkVC.swift */; };
		BEB83B9F290E669A00860770 /* SyllabusVC.swift in Sources */ = {isa = PBXBuildFile; fileRef = BEB83B9E290E669A00860770 /* SyllabusVC.swift */; };
		BEB83BA1290E66B500860770 /* ReferralVC.swift in Sources */ = {isa = PBXBuildFile; fileRef = BEB83BA0290E66B500860770 /* ReferralVC.swift */; };
		BEB83BA3290E66CF00860770 /* SubmitProblemVC.swift in Sources */ = {isa = PBXBuildFile; fileRef = BEB83BA2290E66CF00860770 /* SubmitProblemVC.swift */; };
		BEB83BA5290E66E600860770 /* AddProblemVC.swift in Sources */ = {isa = PBXBuildFile; fileRef = BEB83BA4290E66E600860770 /* AddProblemVC.swift */; };
		BEB83BA7290E678E00860770 /* ProfileVC.swift in Sources */ = {isa = PBXBuildFile; fileRef = BEB83BA6290E678E00860770 /* ProfileVC.swift */; };
		BEB83BA9290E67BE00860770 /* MyPointsVC.swift in Sources */ = {isa = PBXBuildFile; fileRef = BEB83BA8290E67BE00860770 /* MyPointsVC.swift */; };
		BEB83BAB290E67E600860770 /* PaymentVC.swift in Sources */ = {isa = PBXBuildFile; fileRef = BEB83BAA290E67E600860770 /* PaymentVC.swift */; };
		BEB83BAD290E680D00860770 /* SetPasswordVC.swift in Sources */ = {isa = PBXBuildFile; fileRef = BEB83BAC290E680D00860770 /* SetPasswordVC.swift */; };
		BEB83BAF290E682700860770 /* LanguageVC.swift in Sources */ = {isa = PBXBuildFile; fileRef = BEB83BAE290E682700860770 /* LanguageVC.swift */; };
		BEB83BB1290E685D00860770 /* HelpVC.swift in Sources */ = {isa = PBXBuildFile; fileRef = BEB83BB0290E685D00860770 /* HelpVC.swift */; };
		BEB83BB3290E687400860770 /* WebviewVC.swift in Sources */ = {isa = PBXBuildFile; fileRef = BEB83BB2290E687400860770 /* WebviewVC.swift */; };
		BEB83BB5290E687E00860770 /* LogoutVC.swift in Sources */ = {isa = PBXBuildFile; fileRef = BEB83BB4290E687E00860770 /* LogoutVC.swift */; };
		BECAFF6C290385AE00E7C8B9 /* MentorProfileVC.swift in Sources */ = {isa = PBXBuildFile; fileRef = BECAFF6B290385AE00E7C8B9 /* MentorProfileVC.swift */; };
		BECAFF6E290385C000E7C8B9 /* ClassDetailsVC.swift in Sources */ = {isa = PBXBuildFile; fileRef = BECAFF6D290385C000E7C8B9 /* ClassDetailsVC.swift */; };
		BECAFF702903860A00E7C8B9 /* ClassDetail.swift in Sources */ = {isa = PBXBuildFile; fileRef = BECAFF6F2903860A00E7C8B9 /* ClassDetail.swift */; };
		BECAFF722903876100E7C8B9 /* Review.swift in Sources */ = {isa = PBXBuildFile; fileRef = BECAFF712903876100E7C8B9 /* Review.swift */; };
		BECAFF74290388A100E7C8B9 /* Feature.swift in Sources */ = {isa = PBXBuildFile; fileRef = BECAFF73290388A100E7C8B9 /* Feature.swift */; };
		BECAFF76290389A200E7C8B9 /* Lecture.swift in Sources */ = {isa = PBXBuildFile; fileRef = BECAFF75290389A200E7C8B9 /* Lecture.swift */; };
		BECAFF7829038AAC00E7C8B9 /* ClassContent.swift in Sources */ = {isa = PBXBuildFile; fileRef = BECAFF7729038AAC00E7C8B9 /* ClassContent.swift */; };
		BECAFF7A29038CAD00E7C8B9 /* ClassAboutVC.swift in Sources */ = {isa = PBXBuildFile; fileRef = BECAFF7929038CAD00E7C8B9 /* ClassAboutVC.swift */; };
		BECAFF7C29038CC400E7C8B9 /* ClassLessonsVC.swift in Sources */ = {isa = PBXBuildFile; fileRef = BECAFF7B29038CC400E7C8B9 /* ClassLessonsVC.swift */; };
		BECAFF7E29038CD400E7C8B9 /* ClassReviewsVC.swift in Sources */ = {isa = PBXBuildFile; fileRef = BECAFF7D29038CD400E7C8B9 /* ClassReviewsVC.swift */; };
		BECAFF8029038FDC00E7C8B9 /* ClassHeaderVC.swift in Sources */ = {isa = PBXBuildFile; fileRef = BECAFF7F29038FDC00E7C8B9 /* ClassHeaderVC.swift */; };
		BED6540928F9899200737B78 /* SearchVC.swift in Sources */ = {isa = PBXBuildFile; fileRef = BED6540828F9899200737B78 /* SearchVC.swift */; };
		BED6540D28F9B1E200737B78 /* MentorTVCell.swift in Sources */ = {isa = PBXBuildFile; fileRef = BED6540C28F9B1E200737B78 /* MentorTVCell.swift */; };
		BED6540F28F9C4DD00737B78 /* FilterVC.swift in Sources */ = {isa = PBXBuildFile; fileRef = BED6540E28F9C4DD00737B78 /* FilterVC.swift */; };
		BEDD168A2904E3D000C90051 /* ReviewTVCell.swift in Sources */ = {isa = PBXBuildFile; fileRef = BEDD16892904E3D000C90051 /* ReviewTVCell.swift */; };
		BEE33B7F29064449007C35B4 /* User.swift in Sources */ = {isa = PBXBuildFile; fileRef = BEE33B7E29064449007C35B4 /* User.swift */; };
		BEE78F7228F6D30600A4B3B1 /* HomeVC.swift in Sources */ = {isa = PBXBuildFile; fileRef = BEE78F7128F6D30600A4B3B1 /* HomeVC.swift */; };
		BEE78F7428F6D44800A4B3B1 /* DVDevice.swift in Sources */ = {isa = PBXBuildFile; fileRef = BEE78F7328F6D44800A4B3B1 /* DVDevice.swift */; };
		BEF803EA28F8029100CB3AE5 /* SplashVC.swift in Sources */ = {isa = PBXBuildFile; fileRef = BEF803E928F8029100CB3AE5 /* SplashVC.swift */; };
		BEF803F328F8059A00CB3AE5 /* APIService.swift in Sources */ = {isa = PBXBuildFile; fileRef = BEF803ED28F8059A00CB3AE5 /* APIService.swift */; };
		BEF803F428F8059A00CB3AE5 /* APIEndpoints.swift in Sources */ = {isa = PBXBuildFile; fileRef = BEF803EE28F8059A00CB3AE5 /* APIEndpoints.swift */; };
		BEF803F628F8059A00CB3AE5 /* APIRequest.swift in Sources */ = {isa = PBXBuildFile; fileRef = BEF803F028F8059A00CB3AE5 /* APIRequest.swift */; };
		BEF803F928F8061F00CB3AE5 /* AppUserDefault.swift in Sources */ = {isa = PBXBuildFile; fileRef = BEF803F828F8061F00CB3AE5 /* AppUserDefault.swift */; };
		BEF803FB28F8074F00CB3AE5 /* OnboardData.swift in Sources */ = {isa = PBXBuildFile; fileRef = BEF803FA28F8074E00CB3AE5 /* OnboardData.swift */; };
		BEF803FD28F80CFA00CB3AE5 /* TabBarVC.swift in Sources */ = {isa = PBXBuildFile; fileRef = BEF803FC28F80CFA00CB3AE5 /* TabBarVC.swift */; };
		BEF803FF28F81E0D00CB3AE5 /* HomeData.swift in Sources */ = {isa = PBXBuildFile; fileRef = BEF803FE28F81E0D00CB3AE5 /* HomeData.swift */; };
		BEF8040128F8247A00CB3AE5 /* Program.swift in Sources */ = {isa = PBXBuildFile; fileRef = BEF8040028F8247A00CB3AE5 /* Program.swift */; };
		BEF8040328F8259500CB3AE5 /* Class.swift in Sources */ = {isa = PBXBuildFile; fileRef = BEF8040228F8259500CB3AE5 /* Class.swift */; };
		BEF8040528F826A500CB3AE5 /* Teacher.swift in Sources */ = {isa = PBXBuildFile; fileRef = BEF8040428F826A500CB3AE5 /* Teacher.swift */; };
		FCDE3F2F2901C8B6005DAA96 /* Garbage.storyboard in Resources */ = {isa = PBXBuildFile; fileRef = FCDE3F2E2901C8B6005DAA96 /* Garbage.storyboard */; };
/* End PBXBuildFile section */

/* Begin PBXCopyFilesBuildPhase section */
		BE980F592920F9170078C7BD /* Embed Frameworks */ = {
			isa = PBXCopyFilesBuildPhase;
			buildActionMask = 2147483647;
			dstPath = "";
			dstSubfolderSpec = 10;
			files = (
				BE980F582920F9170078C7BD /* SSLCommerzSDK.framework in Embed Frameworks */,
			);
			name = "Embed Frameworks";
			runOnlyForDeploymentPostprocessing = 0;
		};
/* End PBXCopyFilesBuildPhase section */

/* Begin PBXFileReference section */
		0C96D62E64AD5083F9B26A3F /* Pods_EduTune.framework */ = {isa = PBXFileReference; explicitFileType = wrapper.framework; includeInIndex = 0; path = Pods_EduTune.framework; sourceTree = BUILT_PRODUCTS_DIR; };
		12A43F5A3E4339F493AD1793 /* Pods-EduTune.release.xcconfig */ = {isa = PBXFileReference; includeInIndex = 1; lastKnownFileType = text.xcconfig; name = "Pods-EduTune.release.xcconfig"; path = "Target Support Files/Pods-EduTune/Pods-EduTune.release.xcconfig"; sourceTree = "<group>"; };
		172CA9B0D970362B62617A01 /* Pods-EduTune.debug.xcconfig */ = {isa = PBXFileReference; includeInIndex = 1; lastKnownFileType = text.xcconfig; name = "Pods-EduTune.debug.xcconfig"; path = "Target Support Files/Pods-EduTune/Pods-EduTune.debug.xcconfig"; sourceTree = "<group>"; };
		BB89C6C4292125CD00BA5B7A /* DueAssignments.swift */ = {isa = PBXFileReference; fileEncoding = 4; lastKnownFileType = sourcecode.swift; path = DueAssignments.swift; sourceTree = "<group>"; };
		BB89C6C62921268000BA5B7A /* LiveClass.swift */ = {isa = PBXFileReference; fileEncoding = 4; lastKnownFileType = sourcecode.swift; path = LiveClass.swift; sourceTree = "<group>"; };
		BB89C6D029214B0200BA5B7A /* OngoingClass.swift */ = {isa = PBXFileReference; fileEncoding = 4; lastKnownFileType = sourcecode.swift; path = OngoingClass.swift; sourceTree = "<group>"; };
		BBB9F80429215E0F005C82E2 /* DueAssignmentsTVCell.swift */ = {isa = PBXFileReference; lastKnownFileType = sourcecode.swift; path = DueAssignmentsTVCell.swift; sourceTree = "<group>"; };
		BBB9F806292169AF005C82E2 /* LiveClassTVCell copy.swift */ = {isa = PBXFileReference; fileEncoding = 4; lastKnownFileType = sourcecode.swift; path = "LiveClassTVCell copy.swift"; sourceTree = "<group>"; };
		BBB9F807292169AF005C82E2 /* OngoingClassTVCell.swift */ = {isa = PBXFileReference; fileEncoding = 4; lastKnownFileType = sourcecode.swift; path = OngoingClassTVCell.swift; sourceTree = "<group>"; };
		BE02837A290423DB006FCD52 /* ClassHeaderTVCell.swift */ = {isa = PBXFileReference; lastKnownFileType = sourcecode.swift; path = ClassHeaderTVCell.swift; sourceTree = "<group>"; };
		BE02837C290423FA006FCD52 /* ClassAboutTVCell.swift */ = {isa = PBXFileReference; lastKnownFileType = sourcecode.swift; path = ClassAboutTVCell.swift; sourceTree = "<group>"; };
		BE02837E2904240C006FCD52 /* ClassCertificateTVCell.swift */ = {isa = PBXFileReference; lastKnownFileType = sourcecode.swift; path = ClassCertificateTVCell.swift; sourceTree = "<group>"; };
		BE02838029042432006FCD52 /* ClassChecklistTVCell.swift */ = {isa = PBXFileReference; lastKnownFileType = sourcecode.swift; path = ClassChecklistTVCell.swift; sourceTree = "<group>"; };
		BE028382290439B6006FCD52 /* LessonHeaderCell.swift */ = {isa = PBXFileReference; lastKnownFileType = sourcecode.swift; path = LessonHeaderCell.swift; sourceTree = "<group>"; };
		BE028384290439C4006FCD52 /* LessonTVCell.swift */ = {isa = PBXFileReference; lastKnownFileType = sourcecode.swift; path = LessonTVCell.swift; sourceTree = "<group>"; };
		BE0AF0952905886D00FCEFAA /* NotificationsVC.swift */ = {isa = PBXFileReference; lastKnownFileType = sourcecode.swift; path = NotificationsVC.swift; sourceTree = "<group>"; };
		BE0AF0972905887F00FCEFAA /* BookmarksVC.swift */ = {isa = PBXFileReference; lastKnownFileType = sourcecode.swift; path = BookmarksVC.swift; sourceTree = "<group>"; };
		BE14710028F5733A00726625 /* IntroCVCell.swift */ = {isa = PBXFileReference; lastKnownFileType = sourcecode.swift; path = IntroCVCell.swift; sourceTree = "<group>"; };
		BE14710228F578F300726625 /* Localizable.strings */ = {isa = PBXFileReference; lastKnownFileType = text.plist.strings; path = Localizable.strings; sourceTree = "<group>"; };
		BE14710428F579F100726625 /* LetsInVC.swift */ = {isa = PBXFileReference; lastKnownFileType = sourcecode.swift; path = LetsInVC.swift; sourceTree = "<group>"; };
		BE14710628F57A0800726625 /* SignupVC.swift */ = {isa = PBXFileReference; lastKnownFileType = sourcecode.swift; path = SignupVC.swift; sourceTree = "<group>"; };
		BE14710828F57A1800726625 /* LoginVC.swift */ = {isa = PBXFileReference; lastKnownFileType = sourcecode.swift; path = LoginVC.swift; sourceTree = "<group>"; };
		BE14710A28F57A2900726625 /* VerificationVC.swift */ = {isa = PBXFileReference; lastKnownFileType = sourcecode.swift; path = VerificationVC.swift; sourceTree = "<group>"; };
		BE14710C28F57A5700726625 /* UpdateProfileVC.swift */ = {isa = PBXFileReference; lastKnownFileType = sourcecode.swift; path = UpdateProfileVC.swift; sourceTree = "<group>"; };
		BE14710E28F57A8300726625 /* ForgotPassVC.swift */ = {isa = PBXFileReference; lastKnownFileType = sourcecode.swift; path = ForgotPassVC.swift; sourceTree = "<group>"; };
		BE14711028F57AAD00726625 /* ForgotPassVerifyVC.swift */ = {isa = PBXFileReference; lastKnownFileType = sourcecode.swift; path = ForgotPassVerifyVC.swift; sourceTree = "<group>"; };
		BE14711228F57AC300726625 /* CreateNewPassVC.swift */ = {isa = PBXFileReference; lastKnownFileType = sourcecode.swift; path = CreateNewPassVC.swift; sourceTree = "<group>"; };
		BE14711428F57AE400726625 /* PassResetSuccessVC.swift */ = {isa = PBXFileReference; lastKnownFileType = sourcecode.swift; path = PassResetSuccessVC.swift; sourceTree = "<group>"; };
		BE14711628F57C1F00726625 /* MakeToast.swift */ = {isa = PBXFileReference; fileEncoding = 4; lastKnownFileType = sourcecode.swift; path = MakeToast.swift; sourceTree = "<group>"; };
		BE1D520828D887F300EC151A /* EduTune.app */ = {isa = PBXFileReference; explicitFileType = wrapper.application; includeInIndex = 0; path = EduTune.app; sourceTree = BUILT_PRODUCTS_DIR; };
		BE1D520B28D887F300EC151A /* AppDelegate.swift */ = {isa = PBXFileReference; lastKnownFileType = sourcecode.swift; path = AppDelegate.swift; sourceTree = "<group>"; };
		BE1D520D28D887F300EC151A /* SceneDelegate.swift */ = {isa = PBXFileReference; lastKnownFileType = sourcecode.swift; path = SceneDelegate.swift; sourceTree = "<group>"; };
		BE1D521228D887F300EC151A /* Base */ = {isa = PBXFileReference; lastKnownFileType = file.storyboard; name = Base; path = Base.lproj/Main.storyboard; sourceTree = "<group>"; };
		BE1D521428D887F400EC151A /* Assets.xcassets */ = {isa = PBXFileReference; lastKnownFileType = folder.assetcatalog; path = Assets.xcassets; sourceTree = "<group>"; };
		BE1D521728D887F400EC151A /* Base */ = {isa = PBXFileReference; lastKnownFileType = file.storyboard; name = Base; path = Base.lproj/LaunchScreen.storyboard; sourceTree = "<group>"; };
		BE1D521928D887F400EC151A /* Info.plist */ = {isa = PBXFileReference; lastKnownFileType = text.plist.xml; path = Info.plist; sourceTree = "<group>"; };
		BE304D0228F847190062C48A /* MentorCVCell.swift */ = {isa = PBXFileReference; lastKnownFileType = sourcecode.swift; path = MentorCVCell.swift; sourceTree = "<group>"; };
		BE304D0428F847390062C48A /* CategoryCVCell.swift */ = {isa = PBXFileReference; lastKnownFileType = sourcecode.swift; path = CategoryCVCell.swift; sourceTree = "<group>"; };
		BE304D0628F8474E0062C48A /* ClassTVCell.swift */ = {isa = PBXFileReference; lastKnownFileType = sourcecode.swift; path = ClassTVCell.swift; sourceTree = "<group>"; };
		BE304D0828F847870062C48A /* TopMentorsVC.swift */ = {isa = PBXFileReference; lastKnownFileType = sourcecode.swift; path = TopMentorsVC.swift; sourceTree = "<group>"; };
		BE304D0A28F8479C0062C48A /* MostPopularCoursesVC.swift */ = {isa = PBXFileReference; lastKnownFileType = sourcecode.swift; path = MostPopularCoursesVC.swift; sourceTree = "<group>"; };
		BE304D0C28F84A650062C48A /* BannerCVCell.swift */ = {isa = PBXFileReference; lastKnownFileType = sourcecode.swift; path = BannerCVCell.swift; sourceTree = "<group>"; };
		BE304D0E28F84B660062C48A /* HomeHelpCell.swift */ = {isa = PBXFileReference; lastKnownFileType = sourcecode.swift; path = HomeHelpCell.swift; sourceTree = "<group>"; };
		BE304D1028F84B7F0062C48A /* LoginTVCell.swift */ = {isa = PBXFileReference; lastKnownFileType = sourcecode.swift; path = LoginTVCell.swift; sourceTree = "<group>"; };
		BE304D1228F85C8E0062C48A /* ExtensionFont.swift */ = {isa = PBXFileReference; fileEncoding = 4; lastKnownFileType = sourcecode.swift; path = ExtensionFont.swift; sourceTree = "<group>"; };
		BE304D1428F864530062C48A /* CenteredCVLayout.swift */ = {isa = PBXFileReference; fileEncoding = 4; lastKnownFileType = sourcecode.swift; path = CenteredCVLayout.swift; sourceTree = "<group>"; };
		BE469832291C28060026EEA5 /* MyCourseVC.swift */ = {isa = PBXFileReference; lastKnownFileType = sourcecode.swift; path = MyCourseVC.swift; sourceTree = "<group>"; };
		BE4869C628DECD14003040AD /* Profile.storyboard */ = {isa = PBXFileReference; lastKnownFileType = file.storyboard; path = Profile.storyboard; sourceTree = "<group>"; };
		BE4869C828DECD67003040AD /* Home.storyboard */ = {isa = PBXFileReference; lastKnownFileType = file.storyboard; path = Home.storyboard; sourceTree = "<group>"; };
		BE4869CA28DECD75003040AD /* MyCourse.storyboard */ = {isa = PBXFileReference; lastKnownFileType = file.storyboard; path = MyCourse.storyboard; sourceTree = "<group>"; };
		BE4869CC28DECD84003040AD /* Blog.storyboard */ = {isa = PBXFileReference; lastKnownFileType = file.storyboard; path = Blog.storyboard; sourceTree = "<group>"; };
		BE4869CE28DECD90003040AD /* Inbox.storyboard */ = {isa = PBXFileReference; lastKnownFileType = file.storyboard; path = Inbox.storyboard; sourceTree = "<group>"; };
		BE4869D028DECD99003040AD /* Other.storyboard */ = {isa = PBXFileReference; lastKnownFileType = file.storyboard; path = Other.storyboard; sourceTree = "<group>"; };
		BE4869DA28DEF4D7003040AD /* Urbanist-Bold.ttf */ = {isa = PBXFileReference; lastKnownFileType = file; path = "Urbanist-Bold.ttf"; sourceTree = "<group>"; };
		BE4869DB28DEF4D7003040AD /* Urbanist-Regular.ttf */ = {isa = PBXFileReference; lastKnownFileType = file; path = "Urbanist-Regular.ttf"; sourceTree = "<group>"; };
		BE4869DC28DEF4D7003040AD /* Urbanist-LightItalic.ttf */ = {isa = PBXFileReference; lastKnownFileType = file; path = "Urbanist-LightItalic.ttf"; sourceTree = "<group>"; };
		BE4869DD28DEF4D7003040AD /* Urbanist-ExtraLightItalic.ttf */ = {isa = PBXFileReference; lastKnownFileType = file; path = "Urbanist-ExtraLightItalic.ttf"; sourceTree = "<group>"; };
		BE4869DE28DEF4D7003040AD /* Urbanist-ExtraBoldItalic.ttf */ = {isa = PBXFileReference; lastKnownFileType = file; path = "Urbanist-ExtraBoldItalic.ttf"; sourceTree = "<group>"; };
		BE4869DF28DEF4D7003040AD /* Urbanist-Thin.ttf */ = {isa = PBXFileReference; lastKnownFileType = file; path = "Urbanist-Thin.ttf"; sourceTree = "<group>"; };
		BE4869E028DEF4D7003040AD /* Urbanist-MediumItalic.ttf */ = {isa = PBXFileReference; lastKnownFileType = file; path = "Urbanist-MediumItalic.ttf"; sourceTree = "<group>"; };
		BE4869E128DEF4D7003040AD /* Urbanist-SemiBold.ttf */ = {isa = PBXFileReference; lastKnownFileType = file; path = "Urbanist-SemiBold.ttf"; sourceTree = "<group>"; };
		BE4869E228DEF4D7003040AD /* Urbanist-Italic.ttf */ = {isa = PBXFileReference; lastKnownFileType = file; path = "Urbanist-Italic.ttf"; sourceTree = "<group>"; };
		BE4869E328DEF4D7003040AD /* Urbanist-Black.ttf */ = {isa = PBXFileReference; lastKnownFileType = file; path = "Urbanist-Black.ttf"; sourceTree = "<group>"; };
		BE4869E428DEF4D7003040AD /* Urbanist-BlackItalic.ttf */ = {isa = PBXFileReference; lastKnownFileType = file; path = "Urbanist-BlackItalic.ttf"; sourceTree = "<group>"; };
		BE4869E528DEF4D7003040AD /* Urbanist-Light.ttf */ = {isa = PBXFileReference; lastKnownFileType = file; path = "Urbanist-Light.ttf"; sourceTree = "<group>"; };
		BE4869E628DEF4D7003040AD /* Urbanist-SemiBoldItalic.ttf */ = {isa = PBXFileReference; lastKnownFileType = file; path = "Urbanist-SemiBoldItalic.ttf"; sourceTree = "<group>"; };
		BE4869E728DEF4D7003040AD /* Urbanist-BoldItalic.ttf */ = {isa = PBXFileReference; lastKnownFileType = file; path = "Urbanist-BoldItalic.ttf"; sourceTree = "<group>"; };
		BE4869E828DEF4D7003040AD /* Urbanist-ExtraBold.ttf */ = {isa = PBXFileReference; lastKnownFileType = file; path = "Urbanist-ExtraBold.ttf"; sourceTree = "<group>"; };
		BE4869E928DEF4D7003040AD /* Urbanist-Medium.ttf */ = {isa = PBXFileReference; lastKnownFileType = file; path = "Urbanist-Medium.ttf"; sourceTree = "<group>"; };
		BE4869EA28DEF4D7003040AD /* Urbanist-ExtraLight.ttf */ = {isa = PBXFileReference; lastKnownFileType = file; path = "Urbanist-ExtraLight.ttf"; sourceTree = "<group>"; };
		BE4869EB28DEF4D7003040AD /* Urbanist-ThinItalic.ttf */ = {isa = PBXFileReference; lastKnownFileType = file; path = "Urbanist-ThinItalic.ttf"; sourceTree = "<group>"; };
		BE4869FE28DEF5B8003040AD /* Extensions.swift */ = {isa = PBXFileReference; fileEncoding = 4; lastKnownFileType = sourcecode.swift; path = Extensions.swift; sourceTree = "<group>"; };
		BE486A0028DEF624003040AD /* RPicker.swift */ = {isa = PBXFileReference; fileEncoding = 4; lastKnownFileType = sourcecode.swift; path = RPicker.swift; sourceTree = "<group>"; };
		BE486A0228DEF62C003040AD /* FormValidation.swift */ = {isa = PBXFileReference; fileEncoding = 4; lastKnownFileType = sourcecode.swift; path = FormValidation.swift; sourceTree = "<group>"; };
		BE486A0428DEF673003040AD /* SocialLoginVC.swift */ = {isa = PBXFileReference; fileEncoding = 4; lastKnownFileType = sourcecode.swift; path = SocialLoginVC.swift; sourceTree = "<group>"; };
		BE486A0628DEF698003040AD /* IntroVC.swift */ = {isa = PBXFileReference; fileEncoding = 4; lastKnownFileType = sourcecode.swift; path = IntroVC.swift; sourceTree = "<group>"; };
		BE486A0828DEF6D3003040AD /* OTPTextView.swift */ = {isa = PBXFileReference; fileEncoding = 4; lastKnownFileType = sourcecode.swift; path = OTPTextView.swift; sourceTree = "<group>"; };
		BE980F562920F9170078C7BD /* SSLCommerzSDK.framework */ = {isa = PBXFileReference; lastKnownFileType = wrapper.framework; path = SSLCommerzSDK.framework; sourceTree = "<group>"; };
		BEA432F72904E54900B3291E /* Course.storyboard */ = {isa = PBXFileReference; lastKnownFileType = file.storyboard; path = Course.storyboard; sourceTree = "<group>"; };
		BEA432F92904EAE600B3291E /* AllLessonsVC.swift */ = {isa = PBXFileReference; lastKnownFileType = sourcecode.swift; path = AllLessonsVC.swift; sourceTree = "<group>"; };
		BEA432FB2904EB0100B3291E /* AllReviewsVC.swift */ = {isa = PBXFileReference; lastKnownFileType = sourcecode.swift; path = AllReviewsVC.swift; sourceTree = "<group>"; };
		BEA433002905370100B3291E /* Blog.swift */ = {isa = PBXFileReference; fileEncoding = 4; lastKnownFileType = sourcecode.swift; path = Blog.swift; sourceTree = "<group>"; };
		BEA433012905370100B3291E /* BlogType.swift */ = {isa = PBXFileReference; fileEncoding = 4; lastKnownFileType = sourcecode.swift; path = BlogType.swift; sourceTree = "<group>"; };
		BEA433042905385600B3291E /* BlogVC.swift */ = {isa = PBXFileReference; lastKnownFileType = sourcecode.swift; path = BlogVC.swift; sourceTree = "<group>"; };
		BEA433062905386500B3291E /* BlogListVC.swift */ = {isa = PBXFileReference; lastKnownFileType = sourcecode.swift; path = BlogListVC.swift; sourceTree = "<group>"; };
		BEA433082905387200B3291E /* BlogBookmarksVC.swift */ = {isa = PBXFileReference; lastKnownFileType = sourcecode.swift; path = BlogBookmarksVC.swift; sourceTree = "<group>"; };
		BEA4330A2905388100B3291E /* BlogDetailsVC.swift */ = {isa = PBXFileReference; lastKnownFileType = sourcecode.swift; path = BlogDetailsVC.swift; sourceTree = "<group>"; };
		BEA4330C2905451000B3291E /* BlogCVCell.swift */ = {isa = PBXFileReference; lastKnownFileType = sourcecode.swift; path = BlogCVCell.swift; sourceTree = "<group>"; };
		BEB83B96290E5EC000860770 /* MoreVC.swift */ = {isa = PBXFileReference; lastKnownFileType = sourcecode.swift; path = MoreVC.swift; sourceTree = "<group>"; };
		BEB83B98290E60F200860770 /* MoreSectionTVCell.swift */ = {isa = PBXFileReference; lastKnownFileType = sourcecode.swift; path = MoreSectionTVCell.swift; sourceTree = "<group>"; };
		BEB83B9A290E610200860770 /* MoreTVCell.swift */ = {isa = PBXFileReference; lastKnownFileType = sourcecode.swift; path = MoreTVCell.swift; sourceTree = "<group>"; };
		BEB83B9C290E662600860770 /* AddRemoveBookmarkVC.swift */ = {isa = PBXFileReference; lastKnownFileType = sourcecode.swift; path = AddRemoveBookmarkVC.swift; sourceTree = "<group>"; };
		BEB83B9E290E669A00860770 /* SyllabusVC.swift */ = {isa = PBXFileReference; lastKnownFileType = sourcecode.swift; path = SyllabusVC.swift; sourceTree = "<group>"; };
		BEB83BA0290E66B500860770 /* ReferralVC.swift */ = {isa = PBXFileReference; lastKnownFileType = sourcecode.swift; path = ReferralVC.swift; sourceTree = "<group>"; };
		BEB83BA2290E66CF00860770 /* SubmitProblemVC.swift */ = {isa = PBXFileReference; lastKnownFileType = sourcecode.swift; path = SubmitProblemVC.swift; sourceTree = "<group>"; };
		BEB83BA4290E66E600860770 /* AddProblemVC.swift */ = {isa = PBXFileReference; lastKnownFileType = sourcecode.swift; path = AddProblemVC.swift; sourceTree = "<group>"; };
		BEB83BA6290E678E00860770 /* ProfileVC.swift */ = {isa = PBXFileReference; lastKnownFileType = sourcecode.swift; path = ProfileVC.swift; sourceTree = "<group>"; };
		BEB83BA8290E67BE00860770 /* MyPointsVC.swift */ = {isa = PBXFileReference; lastKnownFileType = sourcecode.swift; path = MyPointsVC.swift; sourceTree = "<group>"; };
		BEB83BAA290E67E600860770 /* PaymentVC.swift */ = {isa = PBXFileReference; lastKnownFileType = sourcecode.swift; path = PaymentVC.swift; sourceTree = "<group>"; };
		BEB83BAC290E680D00860770 /* SetPasswordVC.swift */ = {isa = PBXFileReference; lastKnownFileType = sourcecode.swift; path = SetPasswordVC.swift; sourceTree = "<group>"; };
		BEB83BAE290E682700860770 /* LanguageVC.swift */ = {isa = PBXFileReference; lastKnownFileType = sourcecode.swift; path = LanguageVC.swift; sourceTree = "<group>"; };
		BEB83BB0290E685D00860770 /* HelpVC.swift */ = {isa = PBXFileReference; lastKnownFileType = sourcecode.swift; path = HelpVC.swift; sourceTree = "<group>"; };
		BEB83BB2290E687400860770 /* WebviewVC.swift */ = {isa = PBXFileReference; lastKnownFileType = sourcecode.swift; path = WebviewVC.swift; sourceTree = "<group>"; };
		BEB83BB4290E687E00860770 /* LogoutVC.swift */ = {isa = PBXFileReference; lastKnownFileType = sourcecode.swift; path = LogoutVC.swift; sourceTree = "<group>"; };
		BECAFF6B290385AE00E7C8B9 /* MentorProfileVC.swift */ = {isa = PBXFileReference; lastKnownFileType = sourcecode.swift; path = MentorProfileVC.swift; sourceTree = "<group>"; };
		BECAFF6D290385C000E7C8B9 /* ClassDetailsVC.swift */ = {isa = PBXFileReference; lastKnownFileType = sourcecode.swift; path = ClassDetailsVC.swift; sourceTree = "<group>"; };
		BECAFF6F2903860A00E7C8B9 /* ClassDetail.swift */ = {isa = PBXFileReference; fileEncoding = 4; lastKnownFileType = sourcecode.swift; path = ClassDetail.swift; sourceTree = "<group>"; };
		BECAFF712903876100E7C8B9 /* Review.swift */ = {isa = PBXFileReference; fileEncoding = 4; lastKnownFileType = sourcecode.swift; path = Review.swift; sourceTree = "<group>"; };
		BECAFF73290388A100E7C8B9 /* Feature.swift */ = {isa = PBXFileReference; fileEncoding = 4; lastKnownFileType = sourcecode.swift; path = Feature.swift; sourceTree = "<group>"; };
		BECAFF75290389A200E7C8B9 /* Lecture.swift */ = {isa = PBXFileReference; fileEncoding = 4; lastKnownFileType = sourcecode.swift; path = Lecture.swift; sourceTree = "<group>"; };
		BECAFF7729038AAC00E7C8B9 /* ClassContent.swift */ = {isa = PBXFileReference; fileEncoding = 4; lastKnownFileType = sourcecode.swift; path = ClassContent.swift; sourceTree = "<group>"; };
		BECAFF7929038CAD00E7C8B9 /* ClassAboutVC.swift */ = {isa = PBXFileReference; lastKnownFileType = sourcecode.swift; path = ClassAboutVC.swift; sourceTree = "<group>"; };
		BECAFF7B29038CC400E7C8B9 /* ClassLessonsVC.swift */ = {isa = PBXFileReference; lastKnownFileType = sourcecode.swift; path = ClassLessonsVC.swift; sourceTree = "<group>"; };
		BECAFF7D29038CD400E7C8B9 /* ClassReviewsVC.swift */ = {isa = PBXFileReference; lastKnownFileType = sourcecode.swift; path = ClassReviewsVC.swift; sourceTree = "<group>"; };
		BECAFF7F29038FDC00E7C8B9 /* ClassHeaderVC.swift */ = {isa = PBXFileReference; lastKnownFileType = sourcecode.swift; path = ClassHeaderVC.swift; sourceTree = "<group>"; };
		BED6540828F9899200737B78 /* SearchVC.swift */ = {isa = PBXFileReference; lastKnownFileType = sourcecode.swift; path = SearchVC.swift; sourceTree = "<group>"; };
		BED6540C28F9B1E200737B78 /* MentorTVCell.swift */ = {isa = PBXFileReference; lastKnownFileType = sourcecode.swift; path = MentorTVCell.swift; sourceTree = "<group>"; };
		BED6540E28F9C4DD00737B78 /* FilterVC.swift */ = {isa = PBXFileReference; lastKnownFileType = sourcecode.swift; path = FilterVC.swift; sourceTree = "<group>"; };
		BEDD16892904E3D000C90051 /* ReviewTVCell.swift */ = {isa = PBXFileReference; lastKnownFileType = sourcecode.swift; path = ReviewTVCell.swift; sourceTree = "<group>"; };
		BEE33B7E29064449007C35B4 /* User.swift */ = {isa = PBXFileReference; fileEncoding = 4; lastKnownFileType = sourcecode.swift; path = User.swift; sourceTree = "<group>"; };
		BEE78F7128F6D30600A4B3B1 /* HomeVC.swift */ = {isa = PBXFileReference; lastKnownFileType = sourcecode.swift; path = HomeVC.swift; sourceTree = "<group>"; };
		BEE78F7328F6D44800A4B3B1 /* DVDevice.swift */ = {isa = PBXFileReference; fileEncoding = 4; lastKnownFileType = sourcecode.swift; path = DVDevice.swift; sourceTree = "<group>"; };
		BEF803E928F8029100CB3AE5 /* SplashVC.swift */ = {isa = PBXFileReference; fileEncoding = 4; lastKnownFileType = sourcecode.swift; path = SplashVC.swift; sourceTree = "<group>"; };
		BEF803ED28F8059A00CB3AE5 /* APIService.swift */ = {isa = PBXFileReference; fileEncoding = 4; lastKnownFileType = sourcecode.swift; path = APIService.swift; sourceTree = "<group>"; };
		BEF803EE28F8059A00CB3AE5 /* APIEndpoints.swift */ = {isa = PBXFileReference; fileEncoding = 4; lastKnownFileType = sourcecode.swift; path = APIEndpoints.swift; sourceTree = "<group>"; };
		BEF803F028F8059A00CB3AE5 /* APIRequest.swift */ = {isa = PBXFileReference; fileEncoding = 4; lastKnownFileType = sourcecode.swift; path = APIRequest.swift; sourceTree = "<group>"; };
		BEF803F828F8061F00CB3AE5 /* AppUserDefault.swift */ = {isa = PBXFileReference; fileEncoding = 4; lastKnownFileType = sourcecode.swift; path = AppUserDefault.swift; sourceTree = "<group>"; };
		BEF803FA28F8074E00CB3AE5 /* OnboardData.swift */ = {isa = PBXFileReference; fileEncoding = 4; lastKnownFileType = sourcecode.swift; path = OnboardData.swift; sourceTree = "<group>"; };
		BEF803FC28F80CFA00CB3AE5 /* TabBarVC.swift */ = {isa = PBXFileReference; fileEncoding = 4; lastKnownFileType = sourcecode.swift; path = TabBarVC.swift; sourceTree = "<group>"; };
		BEF803FE28F81E0D00CB3AE5 /* HomeData.swift */ = {isa = PBXFileReference; fileEncoding = 4; lastKnownFileType = sourcecode.swift; path = HomeData.swift; sourceTree = "<group>"; };
		BEF8040028F8247A00CB3AE5 /* Program.swift */ = {isa = PBXFileReference; fileEncoding = 4; lastKnownFileType = sourcecode.swift; path = Program.swift; sourceTree = "<group>"; };
		BEF8040228F8259500CB3AE5 /* Class.swift */ = {isa = PBXFileReference; fileEncoding = 4; lastKnownFileType = sourcecode.swift; path = Class.swift; sourceTree = "<group>"; };
		BEF8040428F826A500CB3AE5 /* Teacher.swift */ = {isa = PBXFileReference; fileEncoding = 4; lastKnownFileType = sourcecode.swift; path = Teacher.swift; sourceTree = "<group>"; };
		FCDE3F2E2901C8B6005DAA96 /* Garbage.storyboard */ = {isa = PBXFileReference; lastKnownFileType = file.storyboard; path = Garbage.storyboard; sourceTree = "<group>"; };
/* End PBXFileReference section */

/* Begin PBXFrameworksBuildPhase section */
		BE1D520528D887F300EC151A /* Frameworks */ = {
			isa = PBXFrameworksBuildPhase;
			buildActionMask = 2147483647;
			files = (
				BE980F572920F9170078C7BD /* SSLCommerzSDK.framework in Frameworks */,
				768E2115262AAB544AE6EBA9 /* Pods_EduTune.framework in Frameworks */,
			);
			runOnlyForDeploymentPostprocessing = 0;
		};
/* End PBXFrameworksBuildPhase section */

/* Begin PBXGroup section */
		3AC52E304DD6071320C30BE6 /* Frameworks */ = {
			isa = PBXGroup;
			children = (
				BE980F562920F9170078C7BD /* SSLCommerzSDK.framework */,
				0C96D62E64AD5083F9B26A3F /* Pods_EduTune.framework */,
			);
			name = Frameworks;
			sourceTree = "<group>";
		};
		BB89C6C02921232500BA5B7A /* Model */ = {
			isa = PBXGroup;
			children = (
				BB89C6D029214B0200BA5B7A /* OngoingClass.swift */,
				BB89C6C62921268000BA5B7A /* LiveClass.swift */,
				BB89C6C4292125CD00BA5B7A /* DueAssignments.swift */,
			);
			path = Model;
			sourceTree = "<group>";
		};
		BB89C6C12921233E00BA5B7A /* View */ = {
			isa = PBXGroup;
			children = (
				BBB9F806292169AF005C82E2 /* LiveClassTVCell copy.swift */,
				BBB9F807292169AF005C82E2 /* OngoingClassTVCell.swift */,
				BBB9F80429215E0F005C82E2 /* DueAssignmentsTVCell.swift */,
			);
			path = View;
			sourceTree = "<group>";
		};
		BE0AF0922905884A00FCEFAA /* Controller */ = {
			isa = PBXGroup;
			children = (
				BEB83B96290E5EC000860770 /* MoreVC.swift */,
				BEB83B9E290E669A00860770 /* SyllabusVC.swift */,
				BEB83BA0290E66B500860770 /* ReferralVC.swift */,
				BEB83BA2290E66CF00860770 /* SubmitProblemVC.swift */,
				BEB83BA4290E66E600860770 /* AddProblemVC.swift */,
				BEB83BA8290E67BE00860770 /* MyPointsVC.swift */,
				BEB83BAA290E67E600860770 /* PaymentVC.swift */,
				BEB83BAE290E682700860770 /* LanguageVC.swift */,
				BEB83BB0290E685D00860770 /* HelpVC.swift */,
				BEB83BB2290E687400860770 /* WebviewVC.swift */,
				BEB83BB4290E687E00860770 /* LogoutVC.swift */,
			);
			path = Controller;
			sourceTree = "<group>";
		};
		BE0AF0932905885500FCEFAA /* View */ = {
			isa = PBXGroup;
			children = (
				BEB83B98290E60F200860770 /* MoreSectionTVCell.swift */,
				BEB83B9A290E610200860770 /* MoreTVCell.swift */,
			);
			path = View;
			sourceTree = "<group>";
		};
		BE0AF0942905885900FCEFAA /* Model */ = {
			isa = PBXGroup;
			children = (
			);
			path = Model;
			sourceTree = "<group>";
		};
		BE14711828F57C2400726625 /* Common */ = {
			isa = PBXGroup;
			children = (
				BEE78F7328F6D44800A4B3B1 /* DVDevice.swift */,
				BE4869FE28DEF5B8003040AD /* Extensions.swift */,
				BE14711628F57C1F00726625 /* MakeToast.swift */,
				BE486A0228DEF62C003040AD /* FormValidation.swift */,
				BE486A0028DEF624003040AD /* RPicker.swift */,
				BE486A0828DEF6D3003040AD /* OTPTextView.swift */,
				BE304D1228F85C8E0062C48A /* ExtensionFont.swift */,
				BE304D1428F864530062C48A /* CenteredCVLayout.swift */,
			);
			path = Common;
			sourceTree = "<group>";
		};
		BE1D51FF28D887F300EC151A = {
			isa = PBXGroup;
			children = (
				BE1D520A28D887F300EC151A /* EduTune */,
				BE1D520928D887F300EC151A /* Products */,
				EC5ACE55AC49EBBDC88E0AB0 /* Pods */,
				3AC52E304DD6071320C30BE6 /* Frameworks */,
			);
			sourceTree = "<group>";
		};
		BE1D520928D887F300EC151A /* Products */ = {
			isa = PBXGroup;
			children = (
				BE1D520828D887F300EC151A /* EduTune.app */,
			);
			name = Products;
			sourceTree = "<group>";
		};
		BE1D520A28D887F300EC151A /* EduTune */ = {
			isa = PBXGroup;
			children = (
				BE1D520B28D887F300EC151A /* AppDelegate.swift */,
				BE1D520D28D887F300EC151A /* SceneDelegate.swift */,
				BEF803F828F8061F00CB3AE5 /* AppUserDefault.swift */,
				BEF803FC28F80CFA00CB3AE5 /* TabBarVC.swift */,
				BE14711828F57C2400726625 /* Common */,
				BE4869D928DEF4D7003040AD /* Font */,
				BEF803EB28F8059A00CB3AE5 /* Networking */,
				BE4869D728DECDDE003040AD /* Intro */,
				BE4869D828DECDF4003040AD /* Profile */,
				BE4869D228DECDA8003040AD /* Home */,
				BEA432F32904E50900B3291E /* Course */,
				BE4869D328DECDAF003040AD /* MyCourse */,
				BE4869D428DECDB8003040AD /* Blog */,
				BE4869D528DECDBF003040AD /* Inbox */,
				BE4869D628DECDC4003040AD /* Other */,
				BE1D521428D887F400EC151A /* Assets.xcassets */,
				BE1D521628D887F400EC151A /* LaunchScreen.storyboard */,
				BE1D521928D887F400EC151A /* Info.plist */,
				BE14710228F578F300726625 /* Localizable.strings */,
				FCDE3F2E2901C8B6005DAA96 /* Garbage.storyboard */,
			);
			path = EduTune;
			sourceTree = "<group>";
		};
		BE46982F291C27D70026EEA5 /* Controller */ = {
			isa = PBXGroup;
			children = (
				BE469832291C28060026EEA5 /* MyCourseVC.swift */,
			);
			path = Controller;
			sourceTree = "<group>";
		};
		BE4869D228DECDA8003040AD /* Home */ = {
			isa = PBXGroup;
			children = (
				BEE78F6E28F6D2D900A4B3B1 /* Model */,
				BEE78F6F28F6D2E000A4B3B1 /* View */,
				BEE78F7028F6D2E600A4B3B1 /* Controller */,
				BE4869C828DECD67003040AD /* Home.storyboard */,
			);
			path = Home;
			sourceTree = "<group>";
		};
		BE4869D328DECDAF003040AD /* MyCourse */ = {
			isa = PBXGroup;
			children = (
				BB89C6C12921233E00BA5B7A /* View */,
				BB89C6C02921232500BA5B7A /* Model */,
				BE4869CA28DECD75003040AD /* MyCourse.storyboard */,
				BE46982F291C27D70026EEA5 /* Controller */,
			);
			path = MyCourse;
			sourceTree = "<group>";
		};
		BE4869D428DECDB8003040AD /* Blog */ = {
			isa = PBXGroup;
			children = (
				BEA432FF290536DC00B3291E /* Model */,
				BEA432FE290536D800B3291E /* View */,
				BEA432FD290536CF00B3291E /* Controller */,
				BE4869CC28DECD84003040AD /* Blog.storyboard */,
			);
			path = Blog;
			sourceTree = "<group>";
		};
		BE4869D528DECDBF003040AD /* Inbox */ = {
			isa = PBXGroup;
			children = (
				BE4869CE28DECD90003040AD /* Inbox.storyboard */,
			);
			path = Inbox;
			sourceTree = "<group>";
		};
		BE4869D628DECDC4003040AD /* Other */ = {
			isa = PBXGroup;
			children = (
				BE0AF0942905885900FCEFAA /* Model */,
				BE0AF0932905885500FCEFAA /* View */,
				BE0AF0922905884A00FCEFAA /* Controller */,
				BE4869D028DECD99003040AD /* Other.storyboard */,
			);
			path = Other;
			sourceTree = "<group>";
		};
		BE4869D728DECDDE003040AD /* Intro */ = {
			isa = PBXGroup;
			children = (
				BE486A0C28DEF858003040AD /* Model */,
				BE486A0A28DEF841003040AD /* View */,
				BE486A0B28DEF847003040AD /* Controller */,
				BE1D521128D887F300EC151A /* Main.storyboard */,
			);
			path = Intro;
			sourceTree = "<group>";
		};
		BE4869D828DECDF4003040AD /* Profile */ = {
			isa = PBXGroup;
			children = (
				BE486A0D28DEF85F003040AD /* Model */,
				BE486A0F28DEF871003040AD /* View */,
				BE486A0E28DEF867003040AD /* Controller */,
				BE4869C628DECD14003040AD /* Profile.storyboard */,
			);
			path = Profile;
			sourceTree = "<group>";
		};
		BE4869D928DEF4D7003040AD /* Font */ = {
			isa = PBXGroup;
			children = (
				BE4869DA28DEF4D7003040AD /* Urbanist-Bold.ttf */,
				BE4869DB28DEF4D7003040AD /* Urbanist-Regular.ttf */,
				BE4869DC28DEF4D7003040AD /* Urbanist-LightItalic.ttf */,
				BE4869DD28DEF4D7003040AD /* Urbanist-ExtraLightItalic.ttf */,
				BE4869DE28DEF4D7003040AD /* Urbanist-ExtraBoldItalic.ttf */,
				BE4869DF28DEF4D7003040AD /* Urbanist-Thin.ttf */,
				BE4869E028DEF4D7003040AD /* Urbanist-MediumItalic.ttf */,
				BE4869E128DEF4D7003040AD /* Urbanist-SemiBold.ttf */,
				BE4869E228DEF4D7003040AD /* Urbanist-Italic.ttf */,
				BE4869E328DEF4D7003040AD /* Urbanist-Black.ttf */,
				BE4869E428DEF4D7003040AD /* Urbanist-BlackItalic.ttf */,
				BE4869E528DEF4D7003040AD /* Urbanist-Light.ttf */,
				BE4869E628DEF4D7003040AD /* Urbanist-SemiBoldItalic.ttf */,
				BE4869E728DEF4D7003040AD /* Urbanist-BoldItalic.ttf */,
				BE4869E828DEF4D7003040AD /* Urbanist-ExtraBold.ttf */,
				BE4869E928DEF4D7003040AD /* Urbanist-Medium.ttf */,
				BE4869EA28DEF4D7003040AD /* Urbanist-ExtraLight.ttf */,
				BE4869EB28DEF4D7003040AD /* Urbanist-ThinItalic.ttf */,
			);
			path = Font;
			sourceTree = "<group>";
		};
		BE486A0A28DEF841003040AD /* View */ = {
			isa = PBXGroup;
			children = (
				BE14710028F5733A00726625 /* IntroCVCell.swift */,
			);
			path = View;
			sourceTree = "<group>";
		};
		BE486A0B28DEF847003040AD /* Controller */ = {
			isa = PBXGroup;
			children = (
				BEF803E928F8029100CB3AE5 /* SplashVC.swift */,
				BE486A0628DEF698003040AD /* IntroVC.swift */,
			);
			path = Controller;
			sourceTree = "<group>";
		};
		BE486A0C28DEF858003040AD /* Model */ = {
			isa = PBXGroup;
			children = (
				BEF803FA28F8074E00CB3AE5 /* OnboardData.swift */,
			);
			path = Model;
			sourceTree = "<group>";
		};
		BE486A0D28DEF85F003040AD /* Model */ = {
			isa = PBXGroup;
			children = (
				BEE33B7E29064449007C35B4 /* User.swift */,
			);
			path = Model;
			sourceTree = "<group>";
		};
		BE486A0E28DEF867003040AD /* Controller */ = {
			isa = PBXGroup;
			children = (
				BE486A0428DEF673003040AD /* SocialLoginVC.swift */,
				BE14710428F579F100726625 /* LetsInVC.swift */,
				BE14710628F57A0800726625 /* SignupVC.swift */,
				BE14710828F57A1800726625 /* LoginVC.swift */,
				BE14710A28F57A2900726625 /* VerificationVC.swift */,
				BE14710E28F57A8300726625 /* ForgotPassVC.swift */,
				BE14711028F57AAD00726625 /* ForgotPassVerifyVC.swift */,
				BE14711228F57AC300726625 /* CreateNewPassVC.swift */,
				BE14711428F57AE400726625 /* PassResetSuccessVC.swift */,
				BEB83BA6290E678E00860770 /* ProfileVC.swift */,
				BE14710C28F57A5700726625 /* UpdateProfileVC.swift */,
				BEB83BAC290E680D00860770 /* SetPasswordVC.swift */,
			);
			path = Controller;
			sourceTree = "<group>";
		};
		BE486A0F28DEF871003040AD /* View */ = {
			isa = PBXGroup;
			children = (
			);
			path = View;
			sourceTree = "<group>";
		};
		BEA432F32904E50900B3291E /* Course */ = {
			isa = PBXGroup;
			children = (
				BEA432F42904E51D00B3291E /* Model */,
				BEA432F52904E52900B3291E /* View */,
				BEA432F62904E53000B3291E /* Controller */,
				BEA432F72904E54900B3291E /* Course.storyboard */,
			);
			path = Course;
			sourceTree = "<group>";
		};
		BEA432F42904E51D00B3291E /* Model */ = {
			isa = PBXGroup;
			children = (
				BECAFF6F2903860A00E7C8B9 /* ClassDetail.swift */,
				BECAFF712903876100E7C8B9 /* Review.swift */,
				BECAFF73290388A100E7C8B9 /* Feature.swift */,
				BECAFF75290389A200E7C8B9 /* Lecture.swift */,
				BECAFF7729038AAC00E7C8B9 /* ClassContent.swift */,
			);
			path = Model;
			sourceTree = "<group>";
		};
		BEA432F52904E52900B3291E /* View */ = {
			isa = PBXGroup;
			children = (
				BE02837A290423DB006FCD52 /* ClassHeaderTVCell.swift */,
				BE02837C290423FA006FCD52 /* ClassAboutTVCell.swift */,
				BE02837E2904240C006FCD52 /* ClassCertificateTVCell.swift */,
				BE02838029042432006FCD52 /* ClassChecklistTVCell.swift */,
				BE028382290439B6006FCD52 /* LessonHeaderCell.swift */,
				BE028384290439C4006FCD52 /* LessonTVCell.swift */,
				BEDD16892904E3D000C90051 /* ReviewTVCell.swift */,
			);
			path = View;
			sourceTree = "<group>";
		};
		BEA432F62904E53000B3291E /* Controller */ = {
			isa = PBXGroup;
			children = (
				BECAFF6B290385AE00E7C8B9 /* MentorProfileVC.swift */,
				BECAFF6D290385C000E7C8B9 /* ClassDetailsVC.swift */,
				BECAFF7F29038FDC00E7C8B9 /* ClassHeaderVC.swift */,
				BECAFF7929038CAD00E7C8B9 /* ClassAboutVC.swift */,
				BECAFF7B29038CC400E7C8B9 /* ClassLessonsVC.swift */,
				BECAFF7D29038CD400E7C8B9 /* ClassReviewsVC.swift */,
				BEA432F92904EAE600B3291E /* AllLessonsVC.swift */,
				BEA432FB2904EB0100B3291E /* AllReviewsVC.swift */,
			);
			path = Controller;
			sourceTree = "<group>";
		};
		BEA432FD290536CF00B3291E /* Controller */ = {
			isa = PBXGroup;
			children = (
				BEA433042905385600B3291E /* BlogVC.swift */,
				BEA433062905386500B3291E /* BlogListVC.swift */,
				BEA433082905387200B3291E /* BlogBookmarksVC.swift */,
				BEA4330A2905388100B3291E /* BlogDetailsVC.swift */,
			);
			path = Controller;
			sourceTree = "<group>";
		};
		BEA432FE290536D800B3291E /* View */ = {
			isa = PBXGroup;
			children = (
				BEA4330C2905451000B3291E /* BlogCVCell.swift */,
			);
			path = View;
			sourceTree = "<group>";
		};
		BEA432FF290536DC00B3291E /* Model */ = {
			isa = PBXGroup;
			children = (
				BEA433002905370100B3291E /* Blog.swift */,
				BEA433012905370100B3291E /* BlogType.swift */,
			);
			path = Model;
			sourceTree = "<group>";
		};
		BEE78F6E28F6D2D900A4B3B1 /* Model */ = {
			isa = PBXGroup;
			children = (
				BEF803FE28F81E0D00CB3AE5 /* HomeData.swift */,
				BEF8040028F8247A00CB3AE5 /* Program.swift */,
				BEF8040228F8259500CB3AE5 /* Class.swift */,
				BEF8040428F826A500CB3AE5 /* Teacher.swift */,
			);
			path = Model;
			sourceTree = "<group>";
		};
		BEE78F6F28F6D2E000A4B3B1 /* View */ = {
			isa = PBXGroup;
			children = (
				BE304D0C28F84A650062C48A /* BannerCVCell.swift */,
				BE304D0228F847190062C48A /* MentorCVCell.swift */,
				BE304D0428F847390062C48A /* CategoryCVCell.swift */,
				BE304D0628F8474E0062C48A /* ClassTVCell.swift */,
				BE304D1028F84B7F0062C48A /* LoginTVCell.swift */,
				BE304D0E28F84B660062C48A /* HomeHelpCell.swift */,
				BED6540C28F9B1E200737B78 /* MentorTVCell.swift */,
			);
			path = View;
			sourceTree = "<group>";
		};
		BEE78F7028F6D2E600A4B3B1 /* Controller */ = {
			isa = PBXGroup;
			children = (
				BEE78F7128F6D30600A4B3B1 /* HomeVC.swift */,
				BE304D0828F847870062C48A /* TopMentorsVC.swift */,
				BE304D0A28F8479C0062C48A /* MostPopularCoursesVC.swift */,
				BED6540828F9899200737B78 /* SearchVC.swift */,
				BED6540E28F9C4DD00737B78 /* FilterVC.swift */,
				BE0AF0952905886D00FCEFAA /* NotificationsVC.swift */,
				BE0AF0972905887F00FCEFAA /* BookmarksVC.swift */,
				BEB83B9C290E662600860770 /* AddRemoveBookmarkVC.swift */,
			);
			path = Controller;
			sourceTree = "<group>";
		};
		BEF803EB28F8059A00CB3AE5 /* Networking */ = {
			isa = PBXGroup;
			children = (
				BEF803ED28F8059A00CB3AE5 /* APIService.swift */,
				BEF803EE28F8059A00CB3AE5 /* APIEndpoints.swift */,
				BEF803F028F8059A00CB3AE5 /* APIRequest.swift */,
			);
			path = Networking;
			sourceTree = "<group>";
		};
		EC5ACE55AC49EBBDC88E0AB0 /* Pods */ = {
			isa = PBXGroup;
			children = (
				172CA9B0D970362B62617A01 /* Pods-EduTune.debug.xcconfig */,
				12A43F5A3E4339F493AD1793 /* Pods-EduTune.release.xcconfig */,
			);
			path = Pods;
			sourceTree = "<group>";
		};
/* End PBXGroup section */

/* Begin PBXNativeTarget section */
		BE1D520728D887F300EC151A /* EduTune */ = {
			isa = PBXNativeTarget;
			buildConfigurationList = BE1D521C28D887F400EC151A /* Build configuration list for PBXNativeTarget "EduTune" */;
			buildPhases = (
				88D6945C848A1914D5F4D537 /* [CP] Check Pods Manifest.lock */,
				BE1D520428D887F300EC151A /* Sources */,
				BE1D520528D887F300EC151A /* Frameworks */,
				BE1D520628D887F300EC151A /* Resources */,
				3C857365994026CC8F48BAC5 /* [CP] Embed Pods Frameworks */,
				BE980F592920F9170078C7BD /* Embed Frameworks */,
			);
			buildRules = (
			);
			dependencies = (
			);
			name = EduTune;
			productName = EduTune;
			productReference = BE1D520828D887F300EC151A /* EduTune.app */;
			productType = "com.apple.product-type.application";
		};
/* End PBXNativeTarget section */

/* Begin PBXProject section */
		BE1D520028D887F300EC151A /* Project object */ = {
			isa = PBXProject;
			attributes = {
				BuildIndependentTargetsInParallel = 1;
				LastSwiftUpdateCheck = 1400;
				LastUpgradeCheck = 1400;
				TargetAttributes = {
					BE1D520728D887F300EC151A = {
						CreatedOnToolsVersion = 14.0;
					};
				};
			};
			buildConfigurationList = BE1D520328D887F300EC151A /* Build configuration list for PBXProject "EduTune" */;
			compatibilityVersion = "Xcode 13.0";
			developmentRegion = en;
			hasScannedForEncodings = 0;
			knownRegions = (
				en,
				Base,
			);
			mainGroup = BE1D51FF28D887F300EC151A;
			productRefGroup = BE1D520928D887F300EC151A /* Products */;
			projectDirPath = "";
			projectRoot = "";
			targets = (
				BE1D520728D887F300EC151A /* EduTune */,
			);
		};
/* End PBXProject section */

/* Begin PBXResourcesBuildPhase section */
		BE1D520628D887F300EC151A /* Resources */ = {
			isa = PBXResourcesBuildPhase;
			buildActionMask = 2147483647;
			files = (
				BE4869EF28DEF4D7003040AD /* Urbanist-ExtraLightItalic.ttf in Resources */,
				BE4869F228DEF4D7003040AD /* Urbanist-MediumItalic.ttf in Resources */,
				BE4869F428DEF4D7003040AD /* Urbanist-Italic.ttf in Resources */,
				BE4869FB28DEF4D7003040AD /* Urbanist-Medium.ttf in Resources */,
				BE1D521828D887F400EC151A /* LaunchScreen.storyboard in Resources */,
				BE4869F628DEF4D7003040AD /* Urbanist-BlackItalic.ttf in Resources */,
				BE4869EC28DEF4D7003040AD /* Urbanist-Bold.ttf in Resources */,
				BE4869CB28DECD75003040AD /* MyCourse.storyboard in Resources */,
				BE4869EE28DEF4D7003040AD /* Urbanist-LightItalic.ttf in Resources */,
				BE4869D128DECD99003040AD /* Other.storyboard in Resources */,
				BE4869F528DEF4D7003040AD /* Urbanist-Black.ttf in Resources */,
				BE4869F928DEF4D7003040AD /* Urbanist-BoldItalic.ttf in Resources */,
				BE4869C928DECD67003040AD /* Home.storyboard in Resources */,
				BE4869CD28DECD84003040AD /* Blog.storyboard in Resources */,
				BE4869F328DEF4D7003040AD /* Urbanist-SemiBold.ttf in Resources */,
				BE4869ED28DEF4D7003040AD /* Urbanist-Regular.ttf in Resources */,
				BE4869F128DEF4D7003040AD /* Urbanist-Thin.ttf in Resources */,
				BE14710328F578F300726625 /* Localizable.strings in Resources */,
				BE4869F828DEF4D7003040AD /* Urbanist-SemiBoldItalic.ttf in Resources */,
				BE1D521528D887F400EC151A /* Assets.xcassets in Resources */,
				BE4869F728DEF4D7003040AD /* Urbanist-Light.ttf in Resources */,
				BE4869C728DECD14003040AD /* Profile.storyboard in Resources */,
				BE4869FA28DEF4D7003040AD /* Urbanist-ExtraBold.ttf in Resources */,
				BEA432F82904E54900B3291E /* Course.storyboard in Resources */,
				BE4869FC28DEF4D7003040AD /* Urbanist-ExtraLight.ttf in Resources */,
				FCDE3F2F2901C8B6005DAA96 /* Garbage.storyboard in Resources */,
				BE1D521328D887F300EC151A /* Main.storyboard in Resources */,
				BE4869F028DEF4D7003040AD /* Urbanist-ExtraBoldItalic.ttf in Resources */,
				BE4869FD28DEF4D7003040AD /* Urbanist-ThinItalic.ttf in Resources */,
				BE4869CF28DECD90003040AD /* Inbox.storyboard in Resources */,
			);
			runOnlyForDeploymentPostprocessing = 0;
		};
/* End PBXResourcesBuildPhase section */

/* Begin PBXShellScriptBuildPhase section */
		3C857365994026CC8F48BAC5 /* [CP] Embed Pods Frameworks */ = {
			isa = PBXShellScriptBuildPhase;
			buildActionMask = 2147483647;
			files = (
			);
			inputFileListPaths = (
				"${PODS_ROOT}/Target Support Files/Pods-EduTune/Pods-EduTune-frameworks-${CONFIGURATION}-input-files.xcfilelist",
			);
			name = "[CP] Embed Pods Frameworks";
			outputFileListPaths = (
				"${PODS_ROOT}/Target Support Files/Pods-EduTune/Pods-EduTune-frameworks-${CONFIGURATION}-output-files.xcfilelist",
			);
			runOnlyForDeploymentPostprocessing = 0;
			shellPath = /bin/sh;
			shellScript = "\"${PODS_ROOT}/Target Support Files/Pods-EduTune/Pods-EduTune-frameworks.sh\"\n";
			showEnvVarsInLog = 0;
		};
		88D6945C848A1914D5F4D537 /* [CP] Check Pods Manifest.lock */ = {
			isa = PBXShellScriptBuildPhase;
			buildActionMask = 2147483647;
			files = (
			);
			inputFileListPaths = (
			);
			inputPaths = (
				"${PODS_PODFILE_DIR_PATH}/Podfile.lock",
				"${PODS_ROOT}/Manifest.lock",
			);
			name = "[CP] Check Pods Manifest.lock";
			outputFileListPaths = (
			);
			outputPaths = (
				"$(DERIVED_FILE_DIR)/Pods-EduTune-checkManifestLockResult.txt",
			);
			runOnlyForDeploymentPostprocessing = 0;
			shellPath = /bin/sh;
			shellScript = "diff \"${PODS_PODFILE_DIR_PATH}/Podfile.lock\" \"${PODS_ROOT}/Manifest.lock\" > /dev/null\nif [ $? != 0 ] ; then\n    # print error to STDERR\n    echo \"error: The sandbox is not in sync with the Podfile.lock. Run 'pod install' or update your CocoaPods installation.\" >&2\n    exit 1\nfi\n# This output is used by Xcode 'outputs' to avoid re-running this script phase.\necho \"SUCCESS\" > \"${SCRIPT_OUTPUT_FILE_0}\"\n";
			showEnvVarsInLog = 0;
		};
/* End PBXShellScriptBuildPhase section */

/* Begin PBXSourcesBuildPhase section */
		BE1D520428D887F300EC151A /* Sources */ = {
			isa = PBXSourcesBuildPhase;
			buildActionMask = 2147483647;
			files = (
				BEF803F428F8059A00CB3AE5 /* APIEndpoints.swift in Sources */,
				BECAFF7C29038CC400E7C8B9 /* ClassLessonsVC.swift in Sources */,
				BE486A0128DEF624003040AD /* RPicker.swift in Sources */,
				BEB83BA5290E66E600860770 /* AddProblemVC.swift in Sources */,
				BEE78F7228F6D30600A4B3B1 /* HomeVC.swift in Sources */,
				BEA432FC2904EB0100B3291E /* AllReviewsVC.swift in Sources */,
				BE14710528F579F100726625 /* LetsInVC.swift in Sources */,
				BEF8040528F826A500CB3AE5 /* Teacher.swift in Sources */,
				BBB9F809292169AF005C82E2 /* OngoingClassTVCell.swift in Sources */,
				BEA432FA2904EAE600B3291E /* AllLessonsVC.swift in Sources */,
				BECAFF8029038FDC00E7C8B9 /* ClassHeaderVC.swift in Sources */,
				BEA433022905370200B3291E /* Blog.swift in Sources */,
				BE02838129042432006FCD52 /* ClassChecklistTVCell.swift in Sources */,
				BE14710928F57A1800726625 /* LoginVC.swift in Sources */,
				BB89C6D129214B0300BA5B7A /* OngoingClass.swift in Sources */,
				BE304D1528F864530062C48A /* CenteredCVLayout.swift in Sources */,
				BEF803FB28F8074F00CB3AE5 /* OnboardData.swift in Sources */,
				BE028385290439C4006FCD52 /* LessonTVCell.swift in Sources */,
				BEA4330B2905388100B3291E /* BlogDetailsVC.swift in Sources */,
				BEB83B9B290E610200860770 /* MoreTVCell.swift in Sources */,
				BED6540928F9899200737B78 /* SearchVC.swift in Sources */,
				BE469833291C28060026EEA5 /* MyCourseVC.swift in Sources */,
				BE14710128F5733A00726625 /* IntroCVCell.swift in Sources */,
				BEF803EA28F8029100CB3AE5 /* SplashVC.swift in Sources */,
				BE1D520C28D887F300EC151A /* AppDelegate.swift in Sources */,
				BE304D0728F8474E0062C48A /* ClassTVCell.swift in Sources */,
				BE304D1328F85C8E0062C48A /* ExtensionFont.swift in Sources */,
				BB89C6C5292125CD00BA5B7A /* DueAssignments.swift in Sources */,
				BEB83BAF290E682700860770 /* LanguageVC.swift in Sources */,
				BE304D0528F847390062C48A /* CategoryCVCell.swift in Sources */,
				BEF803F928F8061F00CB3AE5 /* AppUserDefault.swift in Sources */,
				BE304D0F28F84B660062C48A /* HomeHelpCell.swift in Sources */,
				BEB83BAB290E67E600860770 /* PaymentVC.swift in Sources */,
				BEA433052905385600B3291E /* BlogVC.swift in Sources */,
				BE304D0928F847870062C48A /* TopMentorsVC.swift in Sources */,
				BEB83B97290E5EC000860770 /* MoreVC.swift in Sources */,
				BE304D1128F84B7F0062C48A /* LoginTVCell.swift in Sources */,
				BE14711328F57AC300726625 /* CreateNewPassVC.swift in Sources */,
				BEDD168A2904E3D000C90051 /* ReviewTVCell.swift in Sources */,
				BE4869FF28DEF5B8003040AD /* Extensions.swift in Sources */,
				BB89C6C72921268000BA5B7A /* LiveClass.swift in Sources */,
				BE14711528F57AE400726625 /* PassResetSuccessVC.swift in Sources */,
				BE1D520E28D887F300EC151A /* SceneDelegate.swift in Sources */,
				BE028383290439B6006FCD52 /* LessonHeaderCell.swift in Sources */,
				BEF803FD28F80CFA00CB3AE5 /* TabBarVC.swift in Sources */,
				BE14710B28F57A2900726625 /* VerificationVC.swift in Sources */,
				BEB83BB1290E685D00860770 /* HelpVC.swift in Sources */,
				BEE78F7428F6D44800A4B3B1 /* DVDevice.swift in Sources */,
				BEF8040128F8247A00CB3AE5 /* Program.swift in Sources */,
				BECAFF6C290385AE00E7C8B9 /* MentorProfileVC.swift in Sources */,
				BEA433092905387200B3291E /* BlogBookmarksVC.swift in Sources */,
				BBB9F808292169AF005C82E2 /* LiveClassTVCell copy.swift in Sources */,
				BBB9F80529215E0F005C82E2 /* DueAssignmentsTVCell.swift in Sources */,
				BE304D0D28F84A650062C48A /* BannerCVCell.swift in Sources */,
				BE14711728F57C1F00726625 /* MakeToast.swift in Sources */,
				BECAFF76290389A200E7C8B9 /* Lecture.swift in Sources */,
				BEB83B9D290E662600860770 /* AddRemoveBookmarkVC.swift in Sources */,
				BE486A0328DEF62C003040AD /* FormValidation.swift in Sources */,
				BED6540F28F9C4DD00737B78 /* FilterVC.swift in Sources */,
				BE14711128F57AAD00726625 /* ForgotPassVerifyVC.swift in Sources */,
				BEF803FF28F81E0D00CB3AE5 /* HomeData.swift in Sources */,
				BED6540D28F9B1E200737B78 /* MentorTVCell.swift in Sources */,
				BEB83B99290E60F200860770 /* MoreSectionTVCell.swift in Sources */,
				BE14710F28F57A8300726625 /* ForgotPassVC.swift in Sources */,
				BE486A0728DEF698003040AD /* IntroVC.swift in Sources */,
				BE02837D290423FA006FCD52 /* ClassAboutTVCell.swift in Sources */,
				BE0AF0962905886D00FCEFAA /* NotificationsVC.swift in Sources */,
				BECAFF702903860A00E7C8B9 /* ClassDetail.swift in Sources */,
				BEB83BAD290E680D00860770 /* SetPasswordVC.swift in Sources */,
				BEE33B7F29064449007C35B4 /* User.swift in Sources */,
				BECAFF7A29038CAD00E7C8B9 /* ClassAboutVC.swift in Sources */,
				BEF8040328F8259500CB3AE5 /* Class.swift in Sources */,
				BECAFF6E290385C000E7C8B9 /* ClassDetailsVC.swift in Sources */,
				BE304D0328F847190062C48A /* MentorCVCell.swift in Sources */,
				BE486A0528DEF673003040AD /* SocialLoginVC.swift in Sources */,
				BE0AF0982905887F00FCEFAA /* BookmarksVC.swift in Sources */,
				BECAFF74290388A100E7C8B9 /* Feature.swift in Sources */,
				BE14710728F57A0800726625 /* SignupVC.swift in Sources */,
				BECAFF7E29038CD400E7C8B9 /* ClassReviewsVC.swift in Sources */,
				BEB83B9F290E669A00860770 /* SyllabusVC.swift in Sources */,
				BE02837B290423DB006FCD52 /* ClassHeaderTVCell.swift in Sources */,
				BEB83BA9290E67BE00860770 /* MyPointsVC.swift in Sources */,
				BEA433072905386500B3291E /* BlogListVC.swift in Sources */,
				BE02837F2904240C006FCD52 /* ClassCertificateTVCell.swift in Sources */,
				BEB83BA7290E678E00860770 /* ProfileVC.swift in Sources */,
				BE486A0928DEF6D3003040AD /* OTPTextView.swift in Sources */,
				BEA4330D2905451000B3291E /* BlogCVCell.swift in Sources */,
				BEB83BB3290E687400860770 /* WebviewVC.swift in Sources */,
				BEB83BA1290E66B500860770 /* ReferralVC.swift in Sources */,
				BEB83BA3290E66CF00860770 /* SubmitProblemVC.swift in Sources */,
				BECAFF722903876100E7C8B9 /* Review.swift in Sources */,
				BEF803F328F8059A00CB3AE5 /* APIService.swift in Sources */,
				BEB83BB5290E687E00860770 /* LogoutVC.swift in Sources */,
				BEF803F628F8059A00CB3AE5 /* APIRequest.swift in Sources */,
				BE14710D28F57A5700726625 /* UpdateProfileVC.swift in Sources */,
				BEA433032905370200B3291E /* BlogType.swift in Sources */,
				BECAFF7829038AAC00E7C8B9 /* ClassContent.swift in Sources */,
				BE304D0B28F8479C0062C48A /* MostPopularCoursesVC.swift in Sources */,
			);
			runOnlyForDeploymentPostprocessing = 0;
		};
/* End PBXSourcesBuildPhase section */

/* Begin PBXVariantGroup section */
		BE1D521128D887F300EC151A /* Main.storyboard */ = {
			isa = PBXVariantGroup;
			children = (
				BE1D521228D887F300EC151A /* Base */,
			);
			name = Main.storyboard;
			sourceTree = "<group>";
		};
		BE1D521628D887F400EC151A /* LaunchScreen.storyboard */ = {
			isa = PBXVariantGroup;
			children = (
				BE1D521728D887F400EC151A /* Base */,
			);
			name = LaunchScreen.storyboard;
			sourceTree = "<group>";
		};
/* End PBXVariantGroup section */

/* Begin XCBuildConfiguration section */
		BE1D521A28D887F400EC151A /* Debug */ = {
			isa = XCBuildConfiguration;
			buildSettings = {
				ALWAYS_SEARCH_USER_PATHS = NO;
				CLANG_ANALYZER_NONNULL = YES;
				CLANG_ANALYZER_NUMBER_OBJECT_CONVERSION = YES_AGGRESSIVE;
				CLANG_CXX_LANGUAGE_STANDARD = "gnu++20";
				CLANG_ENABLE_MODULES = YES;
				CLANG_ENABLE_OBJC_ARC = YES;
				CLANG_ENABLE_OBJC_WEAK = YES;
				CLANG_WARN_BLOCK_CAPTURE_AUTORELEASING = YES;
				CLANG_WARN_BOOL_CONVERSION = YES;
				CLANG_WARN_COMMA = YES;
				CLANG_WARN_CONSTANT_CONVERSION = YES;
				CLANG_WARN_DEPRECATED_OBJC_IMPLEMENTATIONS = YES;
				CLANG_WARN_DIRECT_OBJC_ISA_USAGE = YES_ERROR;
				CLANG_WARN_DOCUMENTATION_COMMENTS = YES;
				CLANG_WARN_EMPTY_BODY = YES;
				CLANG_WARN_ENUM_CONVERSION = YES;
				CLANG_WARN_INFINITE_RECURSION = YES;
				CLANG_WARN_INT_CONVERSION = YES;
				CLANG_WARN_NON_LITERAL_NULL_CONVERSION = YES;
				CLANG_WARN_OBJC_IMPLICIT_RETAIN_SELF = YES;
				CLANG_WARN_OBJC_LITERAL_CONVERSION = YES;
				CLANG_WARN_OBJC_ROOT_CLASS = YES_ERROR;
				CLANG_WARN_QUOTED_INCLUDE_IN_FRAMEWORK_HEADER = YES;
				CLANG_WARN_RANGE_LOOP_ANALYSIS = YES;
				CLANG_WARN_STRICT_PROTOTYPES = YES;
				CLANG_WARN_SUSPICIOUS_MOVE = YES;
				CLANG_WARN_UNGUARDED_AVAILABILITY = YES_AGGRESSIVE;
				CLANG_WARN_UNREACHABLE_CODE = YES;
				CLANG_WARN__DUPLICATE_METHOD_MATCH = YES;
				COPY_PHASE_STRIP = NO;
				DEBUG_INFORMATION_FORMAT = dwarf;
				ENABLE_STRICT_OBJC_MSGSEND = YES;
				ENABLE_TESTABILITY = YES;
				GCC_C_LANGUAGE_STANDARD = gnu11;
				GCC_DYNAMIC_NO_PIC = NO;
				GCC_NO_COMMON_BLOCKS = YES;
				GCC_OPTIMIZATION_LEVEL = 0;
				GCC_PREPROCESSOR_DEFINITIONS = (
					"DEBUG=1",
					"$(inherited)",
				);
				GCC_WARN_64_TO_32_BIT_CONVERSION = YES;
				GCC_WARN_ABOUT_RETURN_TYPE = YES_ERROR;
				GCC_WARN_UNDECLARED_SELECTOR = YES;
				GCC_WARN_UNINITIALIZED_AUTOS = YES_AGGRESSIVE;
				GCC_WARN_UNUSED_FUNCTION = YES;
				GCC_WARN_UNUSED_VARIABLE = YES;
				IPHONEOS_DEPLOYMENT_TARGET = 16.0;
				MTL_ENABLE_DEBUG_INFO = INCLUDE_SOURCE;
				MTL_FAST_MATH = YES;
				ONLY_ACTIVE_ARCH = YES;
				SDKROOT = iphoneos;
				SWIFT_ACTIVE_COMPILATION_CONDITIONS = DEBUG;
				SWIFT_OPTIMIZATION_LEVEL = "-Onone";
			};
			name = Debug;
		};
		BE1D521B28D887F400EC151A /* Release */ = {
			isa = XCBuildConfiguration;
			buildSettings = {
				ALWAYS_SEARCH_USER_PATHS = NO;
				CLANG_ANALYZER_NONNULL = YES;
				CLANG_ANALYZER_NUMBER_OBJECT_CONVERSION = YES_AGGRESSIVE;
				CLANG_CXX_LANGUAGE_STANDARD = "gnu++20";
				CLANG_ENABLE_MODULES = YES;
				CLANG_ENABLE_OBJC_ARC = YES;
				CLANG_ENABLE_OBJC_WEAK = YES;
				CLANG_WARN_BLOCK_CAPTURE_AUTORELEASING = YES;
				CLANG_WARN_BOOL_CONVERSION = YES;
				CLANG_WARN_COMMA = YES;
				CLANG_WARN_CONSTANT_CONVERSION = YES;
				CLANG_WARN_DEPRECATED_OBJC_IMPLEMENTATIONS = YES;
				CLANG_WARN_DIRECT_OBJC_ISA_USAGE = YES_ERROR;
				CLANG_WARN_DOCUMENTATION_COMMENTS = YES;
				CLANG_WARN_EMPTY_BODY = YES;
				CLANG_WARN_ENUM_CONVERSION = YES;
				CLANG_WARN_INFINITE_RECURSION = YES;
				CLANG_WARN_INT_CONVERSION = YES;
				CLANG_WARN_NON_LITERAL_NULL_CONVERSION = YES;
				CLANG_WARN_OBJC_IMPLICIT_RETAIN_SELF = YES;
				CLANG_WARN_OBJC_LITERAL_CONVERSION = YES;
				CLANG_WARN_OBJC_ROOT_CLASS = YES_ERROR;
				CLANG_WARN_QUOTED_INCLUDE_IN_FRAMEWORK_HEADER = YES;
				CLANG_WARN_RANGE_LOOP_ANALYSIS = YES;
				CLANG_WARN_STRICT_PROTOTYPES = YES;
				CLANG_WARN_SUSPICIOUS_MOVE = YES;
				CLANG_WARN_UNGUARDED_AVAILABILITY = YES_AGGRESSIVE;
				CLANG_WARN_UNREACHABLE_CODE = YES;
				CLANG_WARN__DUPLICATE_METHOD_MATCH = YES;
				COPY_PHASE_STRIP = NO;
				DEBUG_INFORMATION_FORMAT = "dwarf-with-dsym";
				ENABLE_NS_ASSERTIONS = NO;
				ENABLE_STRICT_OBJC_MSGSEND = YES;
				GCC_C_LANGUAGE_STANDARD = gnu11;
				GCC_NO_COMMON_BLOCKS = YES;
				GCC_WARN_64_TO_32_BIT_CONVERSION = YES;
				GCC_WARN_ABOUT_RETURN_TYPE = YES_ERROR;
				GCC_WARN_UNDECLARED_SELECTOR = YES;
				GCC_WARN_UNINITIALIZED_AUTOS = YES_AGGRESSIVE;
				GCC_WARN_UNUSED_FUNCTION = YES;
				GCC_WARN_UNUSED_VARIABLE = YES;
				IPHONEOS_DEPLOYMENT_TARGET = 16.0;
				MTL_ENABLE_DEBUG_INFO = NO;
				MTL_FAST_MATH = YES;
				SDKROOT = iphoneos;
				SWIFT_COMPILATION_MODE = wholemodule;
				SWIFT_OPTIMIZATION_LEVEL = "-O";
				VALIDATE_PRODUCT = YES;
			};
			name = Release;
		};
		BE1D521D28D887F400EC151A /* Debug */ = {
			isa = XCBuildConfiguration;
			baseConfigurationReference = 172CA9B0D970362B62617A01 /* Pods-EduTune.debug.xcconfig */;
			buildSettings = {
				ASSETCATALOG_COMPILER_APPICON_NAME = AppIcon;
				ASSETCATALOG_COMPILER_GLOBAL_ACCENT_COLOR_NAME = AccentColor;
				CODE_SIGN_STYLE = Automatic;
				CURRENT_PROJECT_VERSION = 1;
				DEVELOPMENT_TEAM = C88TF32R63;
				FRAMEWORK_SEARCH_PATHS = (
					"$(inherited)",
					"$(PROJECT_DIR)",
				);
				GENERATE_INFOPLIST_FILE = YES;
				INFOPLIST_FILE = EduTune/Info.plist;
				INFOPLIST_KEY_NSCameraUsageDescription = "EduTune wants to access your camera to take profile picture or record video";
				INFOPLIST_KEY_NSMicrophoneUsageDescription = "EduTune wants to access your microphone to record video";
				INFOPLIST_KEY_NSPhotoLibraryUsageDescription = "EduTune wants to access your photo library to pick profile pictures or choose videos to post";
				INFOPLIST_KEY_UIApplicationSupportsIndirectInputEvents = YES;
				INFOPLIST_KEY_UILaunchStoryboardName = LaunchScreen;
				INFOPLIST_KEY_UIMainStoryboardFile = Main;
				INFOPLIST_KEY_UISupportedInterfaceOrientations = UIInterfaceOrientationPortrait;
				INFOPLIST_KEY_UISupportedInterfaceOrientations_iPad = UIInterfaceOrientationPortrait;
				IPHONEOS_DEPLOYMENT_TARGET = 13.0;
				LD_RUNPATH_SEARCH_PATHS = (
					"$(inherited)",
					"@executable_path/Frameworks",
				);
				MARKETING_VERSION = 1.0;
				PRODUCT_BUNDLE_IDENTIFIER = com.mostafizur.EduTune;
				PRODUCT_NAME = "$(TARGET_NAME)";
				SUPPORTED_PLATFORMS = "iphoneos iphonesimulator";
				SUPPORTS_MACCATALYST = NO;
				SUPPORTS_MAC_DESIGNED_FOR_IPHONE_IPAD = NO;
				SWIFT_EMIT_LOC_STRINGS = YES;
				SWIFT_VERSION = 5.0;
				TARGETED_DEVICE_FAMILY = 1;
			};
			name = Debug;
		};
		BE1D521E28D887F400EC151A /* Release */ = {
			isa = XCBuildConfiguration;
			baseConfigurationReference = 12A43F5A3E4339F493AD1793 /* Pods-EduTune.release.xcconfig */;
			buildSettings = {
				ASSETCATALOG_COMPILER_APPICON_NAME = AppIcon;
				ASSETCATALOG_COMPILER_GLOBAL_ACCENT_COLOR_NAME = AccentColor;
				CODE_SIGN_STYLE = Automatic;
				CURRENT_PROJECT_VERSION = 1;
				DEVELOPMENT_TEAM = C88TF32R63;
				FRAMEWORK_SEARCH_PATHS = (
					"$(inherited)",
					"$(PROJECT_DIR)",
				);
				GENERATE_INFOPLIST_FILE = YES;
				INFOPLIST_FILE = EduTune/Info.plist;
				INFOPLIST_KEY_NSCameraUsageDescription = "EduTune wants to access your camera to take profile picture or record video";
				INFOPLIST_KEY_NSMicrophoneUsageDescription = "EduTune wants to access your microphone to record video";
				INFOPLIST_KEY_NSPhotoLibraryUsageDescription = "EduTune wants to access your photo library to pick profile pictures or choose videos to post";
				INFOPLIST_KEY_UIApplicationSupportsIndirectInputEvents = YES;
				INFOPLIST_KEY_UILaunchStoryboardName = LaunchScreen;
				INFOPLIST_KEY_UIMainStoryboardFile = Main;
				INFOPLIST_KEY_UISupportedInterfaceOrientations = UIInterfaceOrientationPortrait;
				INFOPLIST_KEY_UISupportedInterfaceOrientations_iPad = UIInterfaceOrientationPortrait;
				IPHONEOS_DEPLOYMENT_TARGET = 13.0;
				LD_RUNPATH_SEARCH_PATHS = (
					"$(inherited)",
					"@executable_path/Frameworks",
				);
				MARKETING_VERSION = 1.0;
				PRODUCT_BUNDLE_IDENTIFIER = com.mostafizur.EduTune;
				PRODUCT_NAME = "$(TARGET_NAME)";
				SUPPORTED_PLATFORMS = "iphoneos iphonesimulator";
				SUPPORTS_MACCATALYST = NO;
				SUPPORTS_MAC_DESIGNED_FOR_IPHONE_IPAD = NO;
				SWIFT_EMIT_LOC_STRINGS = YES;
				SWIFT_VERSION = 5.0;
				TARGETED_DEVICE_FAMILY = 1;
			};
			name = Release;
		};
/* End XCBuildConfiguration section */

/* Begin XCConfigurationList section */
		BE1D520328D887F300EC151A /* Build configuration list for PBXProject "EduTune" */ = {
			isa = XCConfigurationList;
			buildConfigurations = (
				BE1D521A28D887F400EC151A /* Debug */,
				BE1D521B28D887F400EC151A /* Release */,
			);
			defaultConfigurationIsVisible = 0;
			defaultConfigurationName = Release;
		};
		BE1D521C28D887F400EC151A /* Build configuration list for PBXNativeTarget "EduTune" */ = {
			isa = XCConfigurationList;
			buildConfigurations = (
				BE1D521D28D887F400EC151A /* Debug */,
				BE1D521E28D887F400EC151A /* Release */,
			);
			defaultConfigurationIsVisible = 0;
			defaultConfigurationName = Release;
		};
/* End XCConfigurationList section */
	};
	rootObject = BE1D520028D887F300EC151A /* Project object */;
}
